{
	"name": "uniforms-bridge-simple-schema-2",
	"version": "1.31.1",
	"lockfileVersion": 1,
	"requires": true,
	"dependencies": {
		"@babel/runtime": {
			"version": "7.3.4",
			"resolved": "https://registry.npmjs.org/@babel/runtime/-/runtime-7.3.4.tgz",
			"integrity": "sha512-IvfvnMdSaLBateu0jfsYIpZTxAc2cKEXEMiezGGN75QcBcecDUKd3PgLAncT0oOgxKy8dd8hrJKj9MfzgfZd6g==",
			"requires": {
				"regenerator-runtime": "^0.12.0"
			}
		},
		"clone": {
			"version": "2.1.2",
			"resolved": "https://registry.npmjs.org/clone/-/clone-2.1.2.tgz",
			"integrity": "sha1-G39Ln1kfHo+DZwQBYANFoCiHQ18="
		},
		"extend": {
			"version": "3.0.2",
			"resolved": "https://registry.npmjs.org/extend/-/extend-3.0.2.tgz",
			"integrity": "sha512-fjquC59cD7CyW6urNXK0FBufkZcoiGG80wTuPujX590cB5Ttln20E2UB4S/WARVqhXffZl2LNgS+gQdPIIim/g=="
		},
		"invariant": {
			"version": "2.2.4",
			"resolved": "https://registry.npmjs.org/invariant/-/invariant-2.2.4.tgz",
			"integrity": "sha512-phJfQVBuaJM5raOpJjSfkiD6BpbCE4Ns//LaXl6wGYtUBY83nWS6Rf9tXm2e8VaK60JEjYldbPif/A2B1C2gNA==",
			"requires": {
				"loose-envify": "^1.0.0"
			}
		},
		"js-tokens": {
			"version": "4.0.0",
			"resolved": "https://registry.npmjs.org/js-tokens/-/js-tokens-4.0.0.tgz",
			"integrity": "sha512-RdJUflcE3cUzKiMqQgsCu06FPu9UdIJO0beYbPhHN4k6apgJtifcoCtT9bcxOpYBtpD2kCM6Sbzg4CausW/PKQ=="
		},
		"lodash": {
			"version": "4.17.11",
			"resolved": "https://registry.npmjs.org/lodash/-/lodash-4.17.11.tgz",
			"integrity": "sha512-cQKh8igo5QUhZ7lg38DYWAxMvjSAKG0A8wGSVimP07SIUEK2UO+arSRKbRZWtelMtN5V0Hkwh5ryOto/SshYIg=="
		},
		"lodash._basecallback": {
			"version": "3.3.1",
			"resolved": "https://registry.npmjs.org/lodash._basecallback/-/lodash._basecallback-3.3.1.tgz",
			"integrity": "sha1-t7K7Q9whYEJKIczybFfkQ3cqjic=",
			"requires": {
				"lodash._baseisequal": "^3.0.0",
				"lodash._bindcallback": "^3.0.0",
				"lodash.isarray": "^3.0.0",
				"lodash.pairs": "^3.0.0"
			}
		},
		"lodash._baseeach": {
			"version": "3.0.4",
			"resolved": "https://registry.npmjs.org/lodash._baseeach/-/lodash._baseeach-3.0.4.tgz",
			"integrity": "sha1-z4cGVyyhROjZ11InyZDamC+TKvM=",
			"requires": {
				"lodash.keys": "^3.0.0"
			}
		},
		"lodash._basefind": {
			"version": "3.0.0",
			"resolved": "https://registry.npmjs.org/lodash._basefind/-/lodash._basefind-3.0.0.tgz",
			"integrity": "sha1-srugXMZF+XLeLPkl+iv2Og9gyK4="
		},
		"lodash._basefindindex": {
			"version": "3.6.0",
			"resolved": "https://registry.npmjs.org/lodash._basefindindex/-/lodash._basefindindex-3.6.0.tgz",
			"integrity": "sha1-8IM2ChsCJBjtgbyJm+sxLiHnSk8="
		},
		"lodash._baseisequal": {
			"version": "3.0.7",
			"resolved": "https://registry.npmjs.org/lodash._baseisequal/-/lodash._baseisequal-3.0.7.tgz",
			"integrity": "sha1-2AJfdjOdKTQnZ9zIh85cuVpbUfE=",
			"requires": {
				"lodash.isarray": "^3.0.0",
				"lodash.istypedarray": "^3.0.0",
				"lodash.keys": "^3.0.0"
			}
		},
		"lodash._baseismatch": {
			"version": "3.1.3",
			"resolved": "https://registry.npmjs.org/lodash._baseismatch/-/lodash._baseismatch-3.1.3.tgz",
			"integrity": "sha1-Byj8SO+hFpnT1fLXMEnyqxPED9U=",
			"requires": {
				"lodash._baseisequal": "^3.0.0"
			}
		},
		"lodash._basematches": {
			"version": "3.2.0",
			"resolved": "https://registry.npmjs.org/lodash._basematches/-/lodash._basematches-3.2.0.tgz",
			"integrity": "sha1-9H4D8H7CB4SrCWjQy2y1l+IQEVg=",
			"requires": {
				"lodash._baseismatch": "^3.0.0",
				"lodash.pairs": "^3.0.0"
			}
		},
		"lodash._bindcallback": {
			"version": "3.0.1",
			"resolved": "https://registry.npmjs.org/lodash._bindcallback/-/lodash._bindcallback-3.0.1.tgz",
			"integrity": "sha1-5THCdkTPi1epnhftlbNcdIeJOS4="
		},
		"lodash._getnative": {
			"version": "3.9.1",
			"resolved": "https://registry.npmjs.org/lodash._getnative/-/lodash._getnative-3.9.1.tgz",
			"integrity": "sha1-VwvH3t5G1hzc3mh9ZdPuy6o6r/U="
		},
		"lodash.every": {
			"version": "4.6.0",
			"resolved": "https://registry.npmjs.org/lodash.every/-/lodash.every-4.6.0.tgz",
			"integrity": "sha1-64mYS+vENkJ5uzrvu9HKGb+mxqc="
		},
		"lodash.find": {
			"version": "4.6.0",
			"resolved": "https://registry.npmjs.org/lodash.find/-/lodash.find-4.6.0.tgz",
			"integrity": "sha1-ywcE1Hq3F4n/oN6Ll92Sb7iLE7E="
		},
		"lodash.findwhere": {
			"version": "3.1.0",
			"resolved": "https://registry.npmjs.org/lodash.findwhere/-/lodash.findwhere-3.1.0.tgz",
			"integrity": "sha1-eTfTTz6sgY3sf6lOjKXib9uhz8E=",
			"requires": {
				"lodash._basematches": "^3.0.0",
				"lodash.find": "^3.0.0"
			},
			"dependencies": {
				"lodash.find": {
					"version": "3.2.1",
					"resolved": "https://registry.npmjs.org/lodash.find/-/lodash.find-3.2.1.tgz",
					"integrity": "sha1-BG4xnzrOkSrGySRsf2g8XsB7Nq0=",
					"requires": {
						"lodash._basecallback": "^3.0.0",
						"lodash._baseeach": "^3.0.0",
						"lodash._basefind": "^3.0.0",
						"lodash._basefindindex": "^3.0.0",
						"lodash.isarray": "^3.0.0",
						"lodash.keys": "^3.0.0"
					}
				}
			}
		},
		"lodash.foreach": {
			"version": "4.5.0",
			"resolved": "https://registry.npmjs.org/lodash.foreach/-/lodash.foreach-4.5.0.tgz",
			"integrity": "sha1-Gmo16s5AEoDH8G3d7DUWWrJ+PlM="
		},
		"lodash.includes": {
			"version": "4.3.0",
			"resolved": "https://registry.npmjs.org/lodash.includes/-/lodash.includes-4.3.0.tgz",
			"integrity": "sha1-YLuYqHy5I8aMoeUTJUgzFISfVT8="
		},
		"lodash.isarguments": {
			"version": "3.1.0",
			"resolved": "https://registry.npmjs.org/lodash.isarguments/-/lodash.isarguments-3.1.0.tgz",
			"integrity": "sha1-L1c9hcaiQon/AGY7SRwdM4/zRYo="
		},
		"lodash.isarray": {
			"version": "3.0.4",
			"resolved": "https://registry.npmjs.org/lodash.isarray/-/lodash.isarray-3.0.4.tgz",
			"integrity": "sha1-eeTriMNqgSKvhvhEqpvNhRtfu1U="
		},
		"lodash.isempty": {
			"version": "4.4.0",
			"resolved": "https://registry.npmjs.org/lodash.isempty/-/lodash.isempty-4.4.0.tgz",
			"integrity": "sha1-b4bL7di+TsmHvpqvM8loTbGzHn4="
		},
		"lodash.isobject": {
			"version": "3.0.2",
			"resolved": "https://registry.npmjs.org/lodash.isobject/-/lodash.isobject-3.0.2.tgz",
			"integrity": "sha1-PI+41bW/S/kK4G4U8qUwpO2TXh0="
		},
		"lodash.istypedarray": {
			"version": "3.0.6",
			"resolved": "https://registry.npmjs.org/lodash.istypedarray/-/lodash.istypedarray-3.0.6.tgz",
			"integrity": "sha1-yaR3SYYHUB2OhJTSg7h8OSgc72I="
		},
		"lodash.keys": {
			"version": "3.1.2",
			"resolved": "https://registry.npmjs.org/lodash.keys/-/lodash.keys-3.1.2.tgz",
			"integrity": "sha1-TbwEcrFWvlCgsoaFXRvQsMZWCYo=",
			"requires": {
				"lodash._getnative": "^3.0.0",
				"lodash.isarguments": "^3.0.0",
				"lodash.isarray": "^3.0.0"
			}
		},
		"lodash.omit": {
			"version": "4.5.0",
			"resolved": "https://registry.npmjs.org/lodash.omit/-/lodash.omit-4.5.0.tgz",
			"integrity": "sha1-brGa5aHuHdnfC5aeZs4Lf6MLXmA="
		},
		"lodash.pairs": {
			"version": "3.0.1",
			"resolved": "https://registry.npmjs.org/lodash.pairs/-/lodash.pairs-3.0.1.tgz",
			"integrity": "sha1-u+CNV4bu6qCaFckevw3LfSvjJqk=",
			"requires": {
				"lodash.keys": "^3.0.0"
			}
		},
		"lodash.pick": {
			"version": "4.4.0",
			"resolved": "https://registry.npmjs.org/lodash.pick/-/lodash.pick-4.4.0.tgz",
			"integrity": "sha1-UvBWEP/53tQiYRRB7R/BI6AwAbM="
		},
		"lodash.union": {
			"version": "4.6.0",
			"resolved": "https://registry.npmjs.org/lodash.union/-/lodash.union-4.6.0.tgz",
			"integrity": "sha1-SLtQiECfFvGCFmZkHETdGqrjzYg="
		},
		"lodash.uniq": {
			"version": "4.5.0",
			"resolved": "https://registry.npmjs.org/lodash.uniq/-/lodash.uniq-4.5.0.tgz",
			"integrity": "sha1-0CJTc662Uq3BvILklFM5qEJ1R3M="
		},
		"lodash.without": {
			"version": "4.4.0",
			"resolved": "https://registry.npmjs.org/lodash.without/-/lodash.without-4.4.0.tgz",
			"integrity": "sha1-PNRXSgC2e643OpS3SHcmQFB7eqw="
		},
		"loose-envify": {
			"version": "1.4.0",
			"resolved": "https://registry.npmjs.org/loose-envify/-/loose-envify-1.4.0.tgz",
			"integrity": "sha512-lyuxPGr/Wfhrlem2CL/UcnUc1zcqKAImBDzukY7Y5F/yQiNdko6+fRLevlw1HgMySw7f611UIY408EtxRSoK3Q==",
			"requires": {
				"js-tokens": "^3.0.0 || ^4.0.0"
			}
		},
		"message-box": {
			"version": "0.2.1",
			"resolved": "https://registry.npmjs.org/message-box/-/message-box-0.2.1.tgz",
			"integrity": "sha512-4xDqKkw84G5qtNKzmywJ+OR+ypjpHGJeKaLKnVE5LtbFGDTDwvL+c/mc7S9rRr4bzopJUiCvdPWjnnOI9qco8Q==",
			"requires": {
				"lodash": "^4.17.11"
			}
		},
		"mongo-object": {
			"version": "0.1.3",
			"resolved": "https://registry.npmjs.org/mongo-object/-/mongo-object-0.1.3.tgz",
			"integrity": "sha512-m3vs+a1JkvRXELJMe2ieMmBe03NUy6bctGjWicRhReYj8brDi0ojKHLKLmXWr/RupNaFP8Q7/x8xG8GpFtp9wg==",
			"requires": {
				"lodash.foreach": "^4.5.0",
				"lodash.isempty": "^4.4.0",
				"lodash.isobject": "^3.0.2",
				"lodash.without": "^4.4.0"
			}
		},
		"regenerator-runtime": {
			"version": "0.12.1",
			"resolved": "https://registry.npmjs.org/regenerator-runtime/-/regenerator-runtime-0.12.1.tgz",
			"integrity": "sha512-odxIc1/vDlo4iZcfXqRYFj0vpXFNoGdKMAUieAlFYO6m/nl5e9KR/beGf41z4a1FI+aQgtjhuaSlDxQ0hmkrHg=="
		},
		"simpl-schema": {
			"version": "1.5.5",
			"resolved": "https://registry.npmjs.org/simpl-schema/-/simpl-schema-1.5.5.tgz",
			"integrity": "sha512-LEAKeqXS9VDpH7sVXmsIJsED7fdMj/WAP0roZw0u0IzOgQV7n3x7jcf722cl7WM6U5ANwI4wwv0dujLuwv266A==",
			"requires": {
				"clone": "^2.1.1",
				"extend": "^3.0.1",
				"lodash.every": "^4.6.0",
				"lodash.find": "^4.6.0",
				"lodash.findwhere": "^3.1.0",
				"lodash.includes": "^4.3.0",
				"lodash.isempty": "^4.4.0",
				"lodash.isobject": "^3.0.2",
				"lodash.omit": "^4.5.0",
				"lodash.pick": "^4.4.0",
				"lodash.union": "^4.6.0",
				"lodash.uniq": "^4.5.0",
				"message-box": "^0.2.0",
				"mongo-object": "^0.1.3"
			}
		}
	}
}
