{
  "name": "uniforms-demo",
  "lockfileVersion": 1,
  "dependencies": {
    "add-dom-event-listener": {
      "version": "1.0.2",
      "resolved": "https://registry.npmjs.org/add-dom-event-listener/-/add-dom-event-listener-1.0.2.tgz",
      "integrity": "sha1-j67SxBAIchzxEdodMNmVuFvkK+0="
    },
    "align-text": {
      "version": "0.1.4",
      "resolved": "https://registry.npmjs.org/align-text/-/align-text-0.1.4.tgz",
      "integrity": "sha1-DNkKVhCT810KmSVsIrcGlDP60Rc="
    },
    "amdefine": {
      "version": "1.0.1",
      "resolved": "https://registry.npmjs.org/amdefine/-/amdefine-1.0.1.tgz",
      "integrity": "sha1-SlKCrBZHKek2Gbz9OtFR+BfOkfU="
    },
    "antd": {
      "version": "2.10.4",
      "resolved": "https://registry.npmjs.org/antd/-/antd-2.10.4.tgz",
      "integrity": "sha1-0IuiA8hr2ZGroc43JroXA5AzyC8="
    },
    "array-tree-filter": {
      "version": "1.0.1",
      "resolved": "https://registry.npmjs.org/array-tree-filter/-/array-tree-filter-1.0.1.tgz",
      "integrity": "sha1-CorR7v04zoiFhjL5zAQj12NOTV0="
    },
    "asap": {
      "version": "2.0.5",
      "resolved": "https://registry.npmjs.org/asap/-/asap-2.0.5.tgz",
      "integrity": "sha1-UidltQw1EEkOUtfc/ghe+bqWlY8="
    },
    "async": {
      "version": "1.5.2",
      "resolved": "https://registry.npmjs.org/async/-/async-1.5.2.tgz",
      "integrity": "sha1-7GphrlZIDAw8skHJVhjiCJL5Zyo="
    },
    "async-validator": {
      "version": "1.6.9",
      "resolved": "https://registry.npmjs.org/async-validator/-/async-validator-1.6.9.tgz",
      "integrity": "sha1-qDCdqouDQhzb1GKOAm1quyUZLTQ="
    },
    "babel-polyfill": {
      "version": "6.23.0",
      "resolved": "https://registry.npmjs.org/babel-polyfill/-/babel-polyfill-6.23.0.tgz",
      "integrity": "sha1-g2TKYt+Or7gwSZ9pkXdGbDsDSZ0="
    },
    "babel-runtime": {
      "version": "6.23.0",
      "resolved": "https://registry.npmjs.org/babel-runtime/-/babel-runtime-6.23.0.tgz",
      "integrity": "sha1-CpSJ8UTecO+zzkMArM2zKeL8VDs="
    },
    "balanced-match": {
      "version": "0.4.2",
      "resolved": "https://registry.npmjs.org/balanced-match/-/balanced-match-0.4.2.tgz",
      "integrity": "sha1-yz8+PHMtwPAe5wtAPzAuYddwmDg=",
      "dev": true
    },
    "bowser": {
      "version": "1.7.0",
      "resolved": "https://registry.npmjs.org/bowser/-/bowser-1.7.0.tgz",
      "integrity": "sha1-Fp3kAYcR+ZQkK/+agAnneh814AM="
    },
    "brace-expansion": {
      "version": "1.1.7",
      "resolved": "https://registry.npmjs.org/brace-expansion/-/brace-expansion-1.1.7.tgz",
      "integrity": "sha1-Pv/DxQ4ABTH7cg6v+A8K6O8jz1k=",
      "dev": true
    },
    "camelcase": {
      "version": "1.2.1",
      "resolved": "https://registry.npmjs.org/camelcase/-/camelcase-1.2.1.tgz",
      "integrity": "sha1-m7UwTS4LVmmLLHWLCKPqqdqlijk=",
      "optional": true
    },
    "can-use-dom": {
      "version": "0.1.0",
      "resolved": "https://registry.npmjs.org/can-use-dom/-/can-use-dom-0.1.0.tgz",
      "integrity": "sha1-IsxKNKCrxDlQ9CxkEQJKP2NmtFo="
    },
    "center-align": {
      "version": "0.1.3",
      "resolved": "https://registry.npmjs.org/center-align/-/center-align-0.1.3.tgz",
      "integrity": "sha1-qg0yYptu6XIgBBHL1EYckHvCt60=",
      "optional": true
    },
    "chain-function": {
      "version": "1.0.0",
      "resolved": "https://registry.npmjs.org/chain-function/-/chain-function-1.0.0.tgz",
      "integrity": "sha1-DUqzfn4Y6tC9xHuSB2QRjOWHM9w="
    },
    "change-emitter": {
      "version": "0.1.6",
      "resolved": "https://registry.npmjs.org/change-emitter/-/change-emitter-0.1.6.tgz",
      "integrity": "sha1-6LL+PX8at9aaMhma/5HqaTFAlRU="
    },
    "classnames": {
      "version": "2.2.5",
      "resolved": "https://registry.npmjs.org/classnames/-/classnames-2.2.5.tgz",
      "integrity": "sha1-+zgB1FNGdknvNgPH1hoCvRKb3m0="
    },
    "cliui": {
      "version": "2.1.0",
      "resolved": "https://registry.npmjs.org/cliui/-/cliui-2.1.0.tgz",
      "integrity": "sha1-S0dXYP+AJkx2LDoXGQMukcf+oNE=",
      "optional": true,
      "dependencies": {
        "wordwrap": {
          "version": "0.0.2",
          "resolved": "https://registry.npmjs.org/wordwrap/-/wordwrap-0.0.2.tgz",
          "integrity": "sha1-t5Zpu0LstAn4PVg8rVLKF+qhZD8=",
          "optional": true
        }
      }
    },
    "clone": {
      "version": "1.0.2",
      "resolved": "https://registry.npmjs.org/clone/-/clone-1.0.2.tgz",
      "integrity": "sha1-Jgt6meux7f4kdTgXX3gyQ8sZ0Uk="
    },
    "component-classes": {
      "version": "1.2.6",
      "resolved": "https://registry.npmjs.org/component-classes/-/component-classes-1.2.6.tgz",
      "integrity": "sha1-xkI5TDYYpNiwuJGe/Mu9kw5c1pE="
    },
    "component-indexof": {
      "version": "0.0.3",
      "resolved": "https://registry.npmjs.org/component-indexof/-/component-indexof-0.0.3.tgz",
      "integrity": "sha1-EdCRMSI5648yyPJa6csAL/6NPCQ="
    },
    "concat-map": {
      "version": "0.0.1",
      "resolved": "https://registry.npmjs.org/concat-map/-/concat-map-0.0.1.tgz",
      "integrity": "sha1-2Klr13/Wjfd5OnMDajug1UBdR3s=",
      "dev": true
    },
    "core-js": {
      "version": "2.4.1",
      "resolved": "https://registry.npmjs.org/core-js/-/core-js-2.4.1.tgz",
      "integrity": "sha1-TekR5mew6ukSTjQlS1OupvxhjT4="
    },
    "create-react-class": {
      "version": "15.5.3",
      "resolved": "https://registry.npmjs.org/create-react-class/-/create-react-class-15.5.3.tgz",
      "integrity": "sha1-+w98rnkznpoXnhlO9Gbvo5I4IP4="
    },
    "css-animation": {
      "version": "1.3.2",
      "resolved": "https://registry.npmjs.org/css-animation/-/css-animation-1.3.2.tgz",
      "integrity": "sha1-31FYIO9ZA3M60tsJmUA7MDe4uIA="
    },
    "css-in-js-utils": {
      "version": "1.0.3",
      "resolved": "https://registry.npmjs.org/css-in-js-utils/-/css-in-js-utils-1.0.3.tgz",
      "integrity": "sha1-msfgL3Y8+F2UAXZmVl7WiltfMhU="
    },
    "decamelize": {
      "version": "1.2.0",
      "resolved": "https://registry.npmjs.org/decamelize/-/decamelize-1.2.0.tgz",
      "integrity": "sha1-9lNNFRSCabIDUue+4m9QH5oZEpA=",
      "optional": true
    },
    "deep-extend": {
      "version": "0.4.1",
      "resolved": "https://registry.npmjs.org/deep-extend/-/deep-extend-0.4.1.tgz",
      "integrity": "sha1-7+QRPQgIX05vlod1mBD4B0aeIlM="
    },
    "dom-align": {
      "version": "1.6.0",
      "resolved": "https://registry.npmjs.org/dom-align/-/dom-align-1.6.0.tgz",
      "integrity": "sha1-EK/ls+CxvvxbbhOVo9cg0CVMiM4="
    },
    "dom-closest": {
      "version": "0.2.0",
      "resolved": "https://registry.npmjs.org/dom-closest/-/dom-closest-0.2.0.tgz",
      "integrity": "sha1-69n5HRvyLo1vR3h2u80+yQIWwM8="
    },
    "dom-helpers": {
      "version": "3.2.1",
      "resolved": "https://registry.npmjs.org/dom-helpers/-/dom-helpers-3.2.1.tgz",
      "integrity": "sha1-MgPgf+0he9H0JLAZc1WC/Deyglo="
    },
    "dom-matches": {
      "version": "2.0.0",
      "resolved": "https://registry.npmjs.org/dom-matches/-/dom-matches-2.0.0.tgz",
      "integrity": "sha1-0nKLQWqHUzmA6wibhI0lPPI6dYw="
    },
    "dom-scroll-into-view": {
      "version": "1.2.1",
      "resolved": "https://registry.npmjs.org/dom-scroll-into-view/-/dom-scroll-into-view-1.2.1.tgz",
      "integrity": "sha1-6PNnMt0ImwIBqI14Fdw/iObWbH4="
    },
    "domready": {
      "version": "1.0.8",
      "resolved": "https://registry.npmjs.org/domready/-/domready-1.0.8.tgz",
      "integrity": "sha1-kfJS5Ze2Wvd+dFriTdAYXV4m1Yw="
    },
    "draft-js": {
      "version": "0.10.1",
      "resolved": "https://registry.npmjs.org/draft-js/-/draft-js-0.10.1.tgz",
      "integrity": "sha1-bxIZ2AlXKWkUKcpv16WNKovly2c=",
      "dependencies": {
        "immutable": {
          "version": "3.7.6",
          "resolved": "https://registry.npmjs.org/immutable/-/immutable-3.7.6.tgz",
          "integrity": "sha1-E7TTyxK++hVIKib+Gy665kAHHks="
        }
      }
    },
    "encoding": {
      "version": "0.1.12",
      "resolved": "https://registry.npmjs.org/encoding/-/encoding-0.1.12.tgz",
      "integrity": "sha1-U4tm8+5izRq1HsMjgp0flIDHS+s="
    },
    "enquire.js": {
      "version": "2.1.6",
      "resolved": "https://registry.npmjs.org/enquire.js/-/enquire.js-2.1.6.tgz",
      "integrity": "sha1-PoeAybi4NQhMP2DhZtvDwqPImBQ="
    },
    "eventlistener": {
      "version": "0.0.1",
      "resolved": "https://registry.npmjs.org/eventlistener/-/eventlistener-0.0.1.tgz",
      "integrity": "sha1-7Suqu4UiJ68rz4iRUscsY8pTLrg="
    },
    "fbjs": {
      "version": "0.8.12",
      "resolved": "https://registry.npmjs.org/fbjs/-/fbjs-0.8.12.tgz",
      "integrity": "sha1-ELXZL3bUVXX9Y6IX1OoCvqL47QQ=",
      "dependencies": {
        "core-js": {
          "version": "1.2.7",
          "resolved": "https://registry.npmjs.org/core-js/-/core-js-1.2.7.tgz",
          "integrity": "sha1-ZSKUwUZR2yj6k70tX/KYOk8IxjY="
        }
      }
    },
    "fs.realpath": {
      "version": "1.0.0",
      "resolved": "https://registry.npmjs.org/fs.realpath/-/fs.realpath-1.0.0.tgz",
      "integrity": "sha1-FQStJSMVjKpA20onh8sBQRmU6k8=",
      "dev": true
    },
    "glob": {
      "version": "7.1.2",
      "resolved": "https://registry.npmjs.org/glob/-/glob-7.1.2.tgz",
      "integrity": "sha512-MJTUg1kjuLeQCJ+ccE4Vpa6kKVXkPYJ2mOCQyUuKLcLQsdrMCpBPUi8qVE6+YuaJkozeA9NusTAw3hLr8Xe5EQ==",
      "dev": true
    },
    "graphql": {
      "version": "0.10.1",
      "resolved": "https://registry.npmjs.org/graphql/-/graphql-0.10.1.tgz",
      "integrity": "sha1-dck8LOc661uuLu+1Vajp45w2An0="
    },
    "hammerjs": {
      "version": "2.0.8",
      "resolved": "https://registry.npmjs.org/hammerjs/-/hammerjs-2.0.8.tgz",
      "integrity": "sha1-BO93hiz/K7edMPdpIJWTAiK/YPE="
    },
    "handlebars": {
      "version": "4.0.10",
      "resolved": "https://registry.npmjs.org/handlebars/-/handlebars-4.0.10.tgz",
      "integrity": "sha1-PTDHGLCaPZbyPqTMH0A8TTup/08="
    },
    "hoist-non-react-statics": {
      "version": "1.2.0",
      "resolved": "https://registry.npmjs.org/hoist-non-react-statics/-/hoist-non-react-statics-1.2.0.tgz",
      "integrity": "sha1-qkSM8JhtVcxAdzsXF0t90GbLfPs="
    },
    "hyphenate-style-name": {
      "version": "1.0.2",
      "resolved": "https://registry.npmjs.org/hyphenate-style-name/-/hyphenate-style-name-1.0.2.tgz",
      "integrity": "sha1-MRYKNpMK2vH8BMYHT360FGXU7Es="
    },
    "iconv-lite": {
      "version": "0.4.17",
      "resolved": "https://registry.npmjs.org/iconv-lite/-/iconv-lite-0.4.17.tgz",
      "integrity": "sha1-T9qjs4rLwsAxsEXQ7c3+HsqxjI0="
    },
    "immutable": {
      "version": "3.8.1",
      "resolved": "https://registry.npmjs.org/immutable/-/immutable-3.8.1.tgz",
      "integrity": "sha1-IAgH8Rqw9ycQ6khVQt4IgHX2jNI="
    },
    "inflight": {
      "version": "1.0.6",
      "resolved": "https://registry.npmjs.org/inflight/-/inflight-1.0.6.tgz",
      "integrity": "sha1-Sb1jMdfQLQwJvJEKEHW6gWW1bfk=",
      "dev": true
    },
    "inherits": {
      "version": "2.0.3",
      "resolved": "https://registry.npmjs.org/inherits/-/inherits-2.0.3.tgz",
      "integrity": "sha1-Yzwsg+PaQqUC9SRmAiSA9CCCYd4=",
      "dev": true
    },
    "inline-style-prefixer": {
      "version": "3.0.5",
      "resolved": "https://registry.npmjs.org/inline-style-prefixer/-/inline-style-prefixer-3.0.5.tgz",
      "integrity": "sha1-AJKIGzourfG9YZ3ENyZVcxb3YEI="
    },
    "is-buffer": {
      "version": "1.1.5",
      "resolved": "https://registry.npmjs.org/is-buffer/-/is-buffer-1.1.5.tgz",
      "integrity": "sha1-Hzsm72E7IUuIy8ojzGwB2Hlh7sw="
    },
    "is-stream": {
      "version": "1.1.0",
      "resolved": "https://registry.npmjs.org/is-stream/-/is-stream-1.1.0.tgz",
      "integrity": "sha1-EtSj3U5o4Lec6428hBc66A2RykQ="
    },
    "isomorphic-fetch": {
      "version": "2.2.1",
      "resolved": "https://registry.npmjs.org/isomorphic-fetch/-/isomorphic-fetch-2.2.1.tgz",
      "integrity": "sha1-YRrhrPFPXoH3KVB0coGf6XM1WKk="
    },
    "iterall": {
      "version": "1.1.1",
      "resolved": "https://registry.npmjs.org/iterall/-/iterall-1.1.1.tgz",
      "integrity": "sha1-9/CvEemgTsZCYmD1AZ2fzKTVAhQ="
    },
    "jquery": {
      "version": "3.2.1",
      "resolved": "https://registry.npmjs.org/jquery/-/jquery-3.2.1.tgz",
      "integrity": "sha1-XE2d5lKvbNCncBVKYxu6ErAVx4c="
    },
    "js-tokens": {
      "version": "3.0.1",
      "resolved": "https://registry.npmjs.org/js-tokens/-/js-tokens-3.0.1.tgz",
      "integrity": "sha1-COnxMkhKLEWjCQfp3E1VZ7fxFNc="
    },
    "json2mq": {
      "version": "0.2.0",
      "resolved": "https://registry.npmjs.org/json2mq/-/json2mq-0.2.0.tgz",
      "integrity": "sha1-tje9O6nqvhIsg+lyBIOusQ0skEo="
    },
    "keycode": {
      "version": "2.1.9",
      "resolved": "https://registry.npmjs.org/keycode/-/keycode-2.1.9.tgz",
      "integrity": "sha1-lkojxU5IiUBbSGGlyfBIDUUUHfo="
    },
    "kind-of": {
      "version": "3.2.2",
      "resolved": "https://registry.npmjs.org/kind-of/-/kind-of-3.2.2.tgz",
      "integrity": "sha1-MeohpzS6ubuw8yRm2JOupR5KPGQ="
    },
    "lazy-cache": {
      "version": "1.0.4",
      "resolved": "https://registry.npmjs.org/lazy-cache/-/lazy-cache-1.0.4.tgz",
      "integrity": "sha1-odePw6UEdMuAhF07O24dpJpEbo4=",
      "optional": true
    },
    "lodash": {
      "version": "4.17.4",
      "resolved": "https://registry.npmjs.org/lodash/-/lodash-4.17.4.tgz",
      "integrity": "sha1-eCA6TRwyiuHYbcpkYONptX9AVa4="
    },
    "lodash._getnative": {
      "version": "3.9.1",
      "resolved": "https://registry.npmjs.org/lodash._getnative/-/lodash._getnative-3.9.1.tgz",
      "integrity": "sha1-VwvH3t5G1hzc3mh9ZdPuy6o6r/U="
    },
    "lodash.debounce": {
      "version": "4.0.8",
      "resolved": "https://registry.npmjs.org/lodash.debounce/-/lodash.debounce-4.0.8.tgz",
      "integrity": "sha1-gteb/zCmfEAF/9XiUVMArZyk168="
    },
    "lodash.get": {
      "version": "4.4.2",
      "resolved": "https://registry.npmjs.org/lodash.get/-/lodash.get-4.4.2.tgz",
      "integrity": "sha1-LRd/ZS+jHpObRDjVNBSZ36OCXpk="
    },
    "lodash.has": {
      "version": "4.5.2",
      "resolved": "https://registry.npmjs.org/lodash.has/-/lodash.has-4.5.2.tgz",
      "integrity": "sha1-0Z9NwQlQWMzL4rDN9O4P5Ko3yGI="
    },
    "lodash.isarguments": {
      "version": "3.1.0",
      "resolved": "https://registry.npmjs.org/lodash.isarguments/-/lodash.isarguments-3.1.0.tgz",
      "integrity": "sha1-L1c9hcaiQon/AGY7SRwdM4/zRYo="
    },
    "lodash.isarray": {
      "version": "3.0.4",
      "resolved": "https://registry.npmjs.org/lodash.isarray/-/lodash.isarray-3.0.4.tgz",
      "integrity": "sha1-eeTriMNqgSKvhvhEqpvNhRtfu1U="
    },
    "lodash.keys": {
      "version": "3.1.2",
      "resolved": "https://registry.npmjs.org/lodash.keys/-/lodash.keys-3.1.2.tgz",
      "integrity": "sha1-TbwEcrFWvlCgsoaFXRvQsMZWCYo="
    },
    "lodash.merge": {
      "version": "4.6.0",
      "resolved": "https://registry.npmjs.org/lodash.merge/-/lodash.merge-4.6.0.tgz",
      "integrity": "sha1-aYhLoUSsM/5plzemCG3v+t0PicU="
    },
    "lodash.set": {
      "version": "4.3.2",
      "resolved": "https://registry.npmjs.org/lodash.set/-/lodash.set-4.3.2.tgz",
      "integrity": "sha1-2HV7HagH3eJIFrDWqEvqGnYjCyM="
    },
    "lodash.throttle": {
      "version": "4.1.1",
      "resolved": "https://registry.npmjs.org/lodash.throttle/-/lodash.throttle-4.1.1.tgz",
      "integrity": "sha1-wj6RtxAkKscMN/HhzaknTMOb8vQ="
    },
    "longest": {
      "version": "1.0.1",
      "resolved": "https://registry.npmjs.org/longest/-/longest-1.0.1.tgz",
      "integrity": "sha1-MKCy2jj3N3DoKUoNIuZiXtd9AJc="
    },
    "loose-envify": {
      "version": "1.3.1",
      "resolved": "https://registry.npmjs.org/loose-envify/-/loose-envify-1.3.1.tgz",
      "integrity": "sha1-0aitM/qc4OcT1l/dCsi3SNR4yEg="
    },
    "material-ui": {
      "version": "0.18.2",
      "resolved": "https://registry.npmjs.org/material-ui/-/material-ui-0.18.2.tgz",
      "integrity": "sha1-0tT+0eoS2khch6QQA3Y+JNwZskE="
    },
    "message-box": {
      "version": "0.0.2",
      "resolved": "https://registry.npmjs.org/message-box/-/message-box-0.0.2.tgz",
      "integrity": "sha1-OO495LzdsLy4g6fbJGjKyB/Xb3k="
    },
    "meteor-node-stubs": {
      "version": "0.2.11",
      "resolved": "https://registry.npmjs.org/meteor-node-stubs/-/meteor-node-stubs-0.2.11.tgz",
      "integrity": "sha1-cV5Owc6IgkiylgThbQkiVrDLfjQ=",
      "dependencies": {
        "asn1.js": {
          "version": "https://registry.npmjs.org/asn1.js/-/asn1.js-4.9.0.tgz",
          "integrity": "sha1-9xoSQ/PnnUbXsH1/v0gk7nOvBUo="
        },
        "assert": {
          "version": "https://registry.npmjs.org/assert/-/assert-1.4.1.tgz",
          "integrity": "sha1-mZEtWRg2tab1s0XA8H7vwI/GXZE="
        },
        "balanced-match": {
          "version": "https://registry.npmjs.org/balanced-match/-/balanced-match-0.4.2.tgz",
          "integrity": "sha1-yz8+PHMtwPAe5wtAPzAuYddwmDg="
        },
        "Base64": {
          "version": "https://registry.npmjs.org/Base64/-/Base64-0.2.1.tgz",
          "integrity": "sha1-ujpCMHCOGGcFBl5mur3Uw1z2ACg="
        },
        "base64-js": {
          "version": "https://registry.npmjs.org/base64-js/-/base64-js-1.2.0.tgz",
          "integrity": "sha1-o5mS1yNYSBGYK+XikLtqU9hnAPE="
        },
        "bn.js": {
          "version": "https://registry.npmjs.org/bn.js/-/bn.js-4.11.6.tgz",
          "integrity": "sha1-UzRK2xRhehP26N0s4okF0cC6MhU="
        },
        "brace-expansion": {
          "version": "https://registry.npmjs.org/brace-expansion/-/brace-expansion-1.1.7.tgz",
          "integrity": "sha1-Pv/DxQ4ABTH7cg6v+A8K6O8jz1k="
        },
        "brorand": {
          "version": "https://registry.npmjs.org/brorand/-/brorand-1.0.6.tgz",
          "integrity": "sha1-QChwa5FfkfezSaLgvzw3YDnSFuU="
        },
        "browserify-aes": {
          "version": "https://registry.npmjs.org/browserify-aes/-/browserify-aes-1.0.6.tgz",
          "integrity": "sha1-Xncl297x/Vkw1OurSFZ85FHEigo="
        },
        "browserify-cipher": {
          "version": "https://registry.npmjs.org/browserify-cipher/-/browserify-cipher-1.0.0.tgz",
          "integrity": "sha1-mYgkSHS/XtTijalWZtzWasj8Njo="
        },
        "browserify-des": {
          "version": "https://registry.npmjs.org/browserify-des/-/browserify-des-1.0.0.tgz",
          "integrity": "sha1-2qJ3cXRwki7S/hhZQRihdUOXId0="
        },
        "browserify-rsa": {
          "version": "https://registry.npmjs.org/browserify-rsa/-/browserify-rsa-4.0.1.tgz",
          "integrity": "sha1-IeCr+vbyApzy+vsTNWenAdQTVSQ="
        },
        "browserify-sign": {
          "version": "https://registry.npmjs.org/browserify-sign/-/browserify-sign-4.0.0.tgz",
          "integrity": "sha1-EHc5EMPCBtVCCkaq2GlPgguFlo8="
        },
        "browserify-zlib": {
          "version": "https://registry.npmjs.org/browserify-zlib/-/browserify-zlib-0.1.4.tgz",
          "integrity": "sha1-uzX4pRn2AOD6a4SFJByXnQFB+y0="
        },
        "buffer": {
          "version": "https://registry.npmjs.org/buffer/-/buffer-4.9.1.tgz",
          "integrity": "sha1-bRu2AbB6TvztlwlBMgkwJ8lbwpg="
        },
        "buffer-xor": {
          "version": "https://registry.npmjs.org/buffer-xor/-/buffer-xor-1.0.3.tgz",
          "integrity": "sha1-JuYe0UIvtw3ULm42cp7VHYVf6Nk="
        },
        "cipher-base": {
          "version": "https://registry.npmjs.org/cipher-base/-/cipher-base-1.0.3.tgz",
          "integrity": "sha1-7qvxlEGc6QDaMBjCB9IS8qbfCgc="
        },
        "concat-map": {
          "version": "https://registry.npmjs.org/concat-map/-/concat-map-0.0.1.tgz",
          "integrity": "sha1-2Klr13/Wjfd5OnMDajug1UBdR3s="
        },
        "console-browserify": {
          "version": "https://registry.npmjs.org/console-browserify/-/console-browserify-1.1.0.tgz",
          "integrity": "sha1-8CQcRXMKn8YyOyBtvzjtx0HQuxA="
        },
        "constants-browserify": {
          "version": "https://registry.npmjs.org/constants-browserify/-/constants-browserify-1.0.0.tgz",
          "integrity": "sha1-wguW2MYXdIqvHBYCF2DNJ/y4y3U="
        },
        "create-ecdh": {
          "version": "https://registry.npmjs.org/create-ecdh/-/create-ecdh-4.0.0.tgz",
          "integrity": "sha1-iIxyNZbN92EvZJgjPuvXo1MBc30="
        },
        "create-hash": {
          "version": "https://registry.npmjs.org/create-hash/-/create-hash-1.1.2.tgz",
          "integrity": "sha1-USEAYte7dHn2xlu0GpIgix1hq60="
        },
        "create-hmac": {
          "version": "https://registry.npmjs.org/create-hmac/-/create-hmac-1.1.4.tgz",
          "integrity": "sha1-0/tLolPriz9W456i+8uK90e9MXA="
        },
        "crypto-browserify": {
          "version": "https://registry.npmjs.org/crypto-browserify/-/crypto-browserify-3.11.0.tgz",
          "integrity": "sha1-NlKgkGq5sqfgw85mpAjpV6JIVSI="
        },
        "date-now": {
          "version": "https://registry.npmjs.org/date-now/-/date-now-0.1.4.tgz",
          "integrity": "sha1-6vQ5/U1ISK105cx9vvIAZyueNFs="
        },
        "des.js": {
          "version": "https://registry.npmjs.org/des.js/-/des.js-1.0.0.tgz",
          "integrity": "sha1-wHTS4qpqipoH29YfmhXCzYPsjsw="
        },
        "diffie-hellman": {
          "version": "https://registry.npmjs.org/diffie-hellman/-/diffie-hellman-5.0.2.tgz",
          "integrity": "sha1-tYNXOScM/ias9jIJn97SoH8gnl4="
        },
        "domain-browser": {
          "version": "https://registry.npmjs.org/domain-browser/-/domain-browser-1.1.7.tgz",
          "integrity": "sha1-hnqksJP6oF8d4IwG9NeyH9+GmLw="
        },
        "elliptic": {
          "version": "https://registry.npmjs.org/elliptic/-/elliptic-6.3.2.tgz",
          "integrity": "sha1-5MgeCCnPCmWrcOmYuCMnI7XBvEg="
        },
        "events": {
          "version": "https://registry.npmjs.org/events/-/events-1.1.1.tgz",
          "integrity": "sha1-nr23Y1rQmccNzEwqH1AEKI6L2SQ="
        },
        "evp_bytestokey": {
          "version": "https://registry.npmjs.org/evp_bytestokey/-/evp_bytestokey-1.0.0.tgz",
          "integrity": "sha1-SXtmrZ/vZc18CKYYCCS6FHa2blM="
        },
        "fs.realpath": {
          "version": "https://registry.npmjs.org/fs.realpath/-/fs.realpath-1.0.0.tgz",
          "integrity": "sha1-FQStJSMVjKpA20onh8sBQRmU6k8="
        },
        "glob": {
          "version": "https://registry.npmjs.org/glob/-/glob-7.1.2.tgz",
          "integrity": "sha1-wZyd+aAocC1nhhI4SmVSQExjbRU="
        },
        "hash.js": {
          "version": "https://registry.npmjs.org/hash.js/-/hash.js-1.0.3.tgz",
          "integrity": "sha1-EzL/ABVsCg/92CNgE9B7d6BFFXM="
        },
        "http-browserify": {
          "version": "https://registry.npmjs.org/http-browserify/-/http-browserify-1.7.0.tgz",
          "integrity": "sha1-M3la3nLfiKz7/TZ3PO/tp2RzWyA="
        },
        "https-browserify": {
          "version": "https://registry.npmjs.org/https-browserify/-/https-browserify-0.0.1.tgz",
          "integrity": "sha1-P5E2XKvmC3ftDruiS0VOPgnZWoI="
        },
        "ieee754": {
          "version": "https://registry.npmjs.org/ieee754/-/ieee754-1.1.8.tgz",
          "integrity": "sha1-vjPUCsEO8ZJnAfbwii2G+/0a0+Q="
        },
        "indexof": {
          "version": "https://registry.npmjs.org/indexof/-/indexof-0.0.1.tgz",
          "integrity": "sha1-gtwzbSMrkGIXnQWrMpOmYFn9Q10="
        },
        "inflight": {
          "version": "https://registry.npmjs.org/inflight/-/inflight-1.0.6.tgz",
          "integrity": "sha1-Sb1jMdfQLQwJvJEKEHW6gWW1bfk="
        },
        "inherits": {
          "version": "https://registry.npmjs.org/inherits/-/inherits-2.0.1.tgz",
          "integrity": "sha1-sX0I0ya0Qj5Wjv9xn5GwscvfafE="
        },
        "isarray": {
          "version": "https://registry.npmjs.org/isarray/-/isarray-1.0.0.tgz",
          "integrity": "sha1-u5NdSFgsuhaMBoNJV6VKPgcSTxE="
        },
        "miller-rabin": {
          "version": "https://registry.npmjs.org/miller-rabin/-/miller-rabin-4.0.0.tgz",
          "integrity": "sha1-SmL7HUKTPAVYOYL0xxb2+55sbT0="
        },
        "minimalistic-assert": {
          "version": "https://registry.npmjs.org/minimalistic-assert/-/minimalistic-assert-1.0.0.tgz",
          "integrity": "sha1-cCvi3aazf0g2vLP121ZkG2Sh09M="
        },
        "minimatch": {
          "version": "https://registry.npmjs.org/minimatch/-/minimatch-3.0.4.tgz",
          "integrity": "sha1-UWbihkV/AzBgZL5Ul+jbsMPTIIM="
        },
        "once": {
          "version": "https://registry.npmjs.org/once/-/once-1.4.0.tgz",
          "integrity": "sha1-WDsap3WWHUsROsF9nFC6753Xa9E="
        },
        "os-browserify": {
          "version": "https://registry.npmjs.org/os-browserify/-/os-browserify-0.2.1.tgz",
          "integrity": "sha1-Y/xMzuXS13Y9Jrv4YBB45sLgBE8="
        },
        "pako": {
          "version": "https://registry.npmjs.org/pako/-/pako-0.2.9.tgz",
          "integrity": "sha1-8/dSL073gjSNqBYbrZ7P1Rv4OnU="
        },
        "parse-asn1": {
          "version": "https://registry.npmjs.org/parse-asn1/-/parse-asn1-5.0.0.tgz",
          "integrity": "sha1-NQYPbVAV03Yox3D04JGgtaJ4vCM="
        },
        "path-browserify": {
          "version": "https://registry.npmjs.org/path-browserify/-/path-browserify-0.0.0.tgz",
          "integrity": "sha1-oLhwcpquIUAFt9UDLsLLuw+0RRo="
        },
        "path-is-absolute": {
          "version": "https://registry.npmjs.org/path-is-absolute/-/path-is-absolute-1.0.1.tgz",
          "integrity": "sha1-F0uSaHNVNP+8es5r9TpanhtcX18="
        },
        "pbkdf2": {
          "version": "https://registry.npmjs.org/pbkdf2/-/pbkdf2-3.0.9.tgz",
          "integrity": "sha1-8sSyWmAAWLPDdzwIbDfbvuH/5pM="
        },
        "process": {
          "version": "https://registry.npmjs.org/process/-/process-0.11.9.tgz",
          "integrity": "sha1-e9WtIapiU+fahoImTx4R0RwDGME="
        },
        "process-nextick-args": {
          "version": "https://registry.npmjs.org/process-nextick-args/-/process-nextick-args-1.0.7.tgz",
          "integrity": "sha1-FQ4gt1ZZCtP5EJPyWk8q2L/zC6M="
        },
        "public-encrypt": {
          "version": "https://registry.npmjs.org/public-encrypt/-/public-encrypt-4.0.0.tgz",
          "integrity": "sha1-OfaZ86RlYN1eusvKaTyvfGXBjMY="
        },
        "punycode": {
          "version": "https://registry.npmjs.org/punycode/-/punycode-1.4.1.tgz",
          "integrity": "sha1-wNWmOycYgArY4esPpSachN1BhF4="
        },
        "querystring": {
          "version": "https://registry.npmjs.org/querystring/-/querystring-0.2.0.tgz",
          "integrity": "sha1-sgmEkgO7Jd+CDadW50cAWHhSFiA="
        },
        "querystring-es3": {
          "version": "https://registry.npmjs.org/querystring-es3/-/querystring-es3-0.2.1.tgz",
          "integrity": "sha1-nsYfeQSYdXB9aUFFlv2Qek1xHnM="
        },
        "randombytes": {
          "version": "https://registry.npmjs.org/randombytes/-/randombytes-2.0.3.tgz",
          "integrity": "sha1-Z0yZdgkBw8QRJ3GjHlIdw0nMCew="
        },
        "readable-stream": {
          "version": "git+https://github.com/meteor/readable-stream.git#2e9112d7d31a2af6e0682db0e18679b1e5fd4694"
        },
        "rimraf": {
          "version": "https://registry.npmjs.org/rimraf/-/rimraf-2.6.1.tgz",
          "integrity": "sha1-wjOOxkPfeht/5cVPqG9XQopV8z0="
        },
        "ripemd160": {
          "version": "https://registry.npmjs.org/ripemd160/-/ripemd160-1.0.1.tgz",
          "integrity": "sha1-k6S71JQrxXS2mo+lfHHeEOzKfW4="
        },
        "safe-buffer": {
          "version": "https://registry.npmjs.org/safe-buffer/-/safe-buffer-5.0.1.tgz",
          "integrity": "sha1-0mPKVGls2KMGtcplUekt5XkY++c="
        },
        "sha.js": {
          "version": "https://registry.npmjs.org/sha.js/-/sha.js-2.4.8.tgz",
          "integrity": "sha1-NwaMLEdra69ALRSknGf1l5IfY08="
        },
        "stream-browserify": {
          "version": "https://registry.npmjs.org/stream-browserify/-/stream-browserify-2.0.1.tgz",
          "integrity": "sha1-ZiZu5fm9uZQKTkUUyvtDu3Hlyds="
        },
        "string_decoder": {
          "version": "https://registry.npmjs.org/string_decoder/-/string_decoder-1.0.1.tgz",
          "integrity": "sha1-YuIA8DmVWmgQ2N8KM//A8BNmLZg="
        },
        "timers-browserify": {
          "version": "https://registry.npmjs.org/timers-browserify/-/timers-browserify-1.4.2.tgz",
          "integrity": "sha1-ycWLV1voQHN1y14kYtrO50NZ9B0="
        },
        "tty-browserify": {
          "version": "https://registry.npmjs.org/tty-browserify/-/tty-browserify-0.0.0.tgz",
          "integrity": "sha1-oVe6QC2iTpv5V/mqadUk7tQpAaY="
        },
        "url": {
          "version": "https://registry.npmjs.org/url/-/url-0.11.0.tgz",
          "integrity": "sha1-ODjpfPxgUh63PFJajlW/3Z4uKPE=",
          "dependencies": {
            "punycode": {
              "version": "https://registry.npmjs.org/punycode/-/punycode-1.3.2.tgz",
              "integrity": "sha1-llOgNvt8HuQjQvIyXM7v6jkmxI0="
            }
          }
        },
        "util": {
          "version": "https://registry.npmjs.org/util/-/util-0.10.3.tgz",
          "integrity": "sha1-evsa/lCAUkZInj23/g7TeTNqwPk="
        },
        "util-deprecate": {
          "version": "https://registry.npmjs.org/util-deprecate/-/util-deprecate-1.0.2.tgz",
          "integrity": "sha1-RQ1Nyfpw3nMnYvvS1KKJgUGaDM8="
        },
        "vm-browserify": {
          "version": "https://registry.npmjs.org/vm-browserify/-/vm-browserify-0.0.4.tgz",
          "integrity": "sha1-XX6kW7755Kb/ZflUOOCofDV9WnM="
        },
        "wrappy": {
          "version": "https://registry.npmjs.org/wrappy/-/wrappy-1.0.2.tgz",
          "integrity": "sha1-tSQ9jz7BqjXxNkYFvA0QNuMKtp8="
        }
      }
    },
    "minimatch": {
      "version": "3.0.4",
      "resolved": "https://registry.npmjs.org/minimatch/-/minimatch-3.0.4.tgz",
      "integrity": "sha512-yJHVQEhyqPLUTgt9B83PXu6W3rx4MvvHvSUvToogpwoGDOUQ+yDrR0HRot+yOCdCO7u4hX3pWft6kWBBcqh0UA==",
      "dev": true
    },
    "minimist": {
      "version": "0.0.10",
      "resolved": "https://registry.npmjs.org/minimist/-/minimist-0.0.10.tgz",
      "integrity": "sha1-3j+YVD2/lggr5IrRoMfNqDYwHc8="
    },
    "moment": {
      "version": "2.18.1",
      "resolved": "https://registry.npmjs.org/moment/-/moment-2.18.1.tgz",
      "integrity": "sha1-w2GT3Tzhwu7SrbfIAtu8d6gbHA8="
    },
    "mongo-object": {
      "version": "0.0.1",
      "resolved": "https://registry.npmjs.org/mongo-object/-/mongo-object-0.0.1.tgz",
      "integrity": "sha1-jK1HDlkl92tdebCYjFkY9UkE4XA="
    },
    "node-fetch": {
      "version": "1.7.1",
      "resolved": "https://registry.npmjs.org/node-fetch/-/node-fetch-1.7.1.tgz",
      "integrity": "sha512-j8XsFGCLw79vWXkZtMSmmLaOk9z5SQ9bV/tkbZVCqvgwzrjAGq66igobLofHtF63NvMTp2WjytpsNTGKa+XRIQ=="
    },
    "object-assign": {
      "version": "4.1.1",
      "resolved": "https://registry.npmjs.org/object-assign/-/object-assign-4.1.1.tgz",
      "integrity": "sha1-IQmtx5ZYh8/AXLvUQsrIv7s2CGM="
    },
    "omit.js": {
      "version": "0.1.0",
      "resolved": "https://registry.npmjs.org/omit.js/-/omit.js-0.1.0.tgz",
      "integrity": "sha1-l4aiGm1sMW+jW7FOcQHu7iHFIEQ="
    },
    "once": {
      "version": "1.4.0",
      "resolved": "https://registry.npmjs.org/once/-/once-1.4.0.tgz",
      "integrity": "sha1-WDsap3WWHUsROsF9nFC6753Xa9E=",
      "dev": true
    },
    "optimist": {
      "version": "0.6.1",
      "resolved": "https://registry.npmjs.org/optimist/-/optimist-0.6.1.tgz",
      "integrity": "sha1-2j6nRob6IaGaERwybpDrFaAZZoY="
    },
    "path-is-absolute": {
      "version": "1.0.1",
      "resolved": "https://registry.npmjs.org/path-is-absolute/-/path-is-absolute-1.0.1.tgz",
      "integrity": "sha1-F0uSaHNVNP+8es5r9TpanhtcX18=",
      "dev": true
    },
    "promise": {
      "version": "7.1.1",
      "resolved": "https://registry.npmjs.org/promise/-/promise-7.1.1.tgz",
      "integrity": "sha1-SJZUxpJha4qlWwck+oCbt9tJxb8="
    },
    "prop-types": {
      "version": "15.5.10",
      "resolved": "https://registry.npmjs.org/prop-types/-/prop-types-15.5.10.tgz",
      "integrity": "sha1-J5ffwxJhguOpXj37suiT3ddFYVQ="
    },
    "rc-align": {
      "version": "2.3.4",
      "resolved": "https://registry.npmjs.org/rc-align/-/rc-align-2.3.4.tgz",
      "integrity": "sha1-2Dvat1YPAULnKj3h1JXatroiUkk="
    },
    "rc-animate": {
      "version": "2.3.6",
      "resolved": "https://registry.npmjs.org/rc-animate/-/rc-animate-2.3.6.tgz",
      "integrity": "sha1-QXeigixnrfT9W5CM66fO6NE8H6w="
    },
    "rc-calendar": {
      "version": "8.4.0",
      "resolved": "https://registry.npmjs.org/rc-calendar/-/rc-calendar-8.4.0.tgz",
      "integrity": "sha1-hRiDIVXFwby5EpKQT6dg25k2nVI="
    },
    "rc-cascader": {
      "version": "0.11.3",
      "resolved": "https://registry.npmjs.org/rc-cascader/-/rc-cascader-0.11.3.tgz",
      "integrity": "sha1-nK7FgEjl+xNewj6QMJ6RCvBGlWw="
    },
    "rc-checkbox": {
      "version": "2.0.3",
      "resolved": "https://registry.npmjs.org/rc-checkbox/-/rc-checkbox-2.0.3.tgz",
      "integrity": "sha1-Q2qdUIlI4iSYDwU16nOLSBd6jyU="
    },
    "rc-collapse": {
      "version": "1.7.5",
      "resolved": "https://registry.npmjs.org/rc-collapse/-/rc-collapse-1.7.5.tgz",
      "integrity": "sha1-xuzIhpaLpahqHO0eKqSSn0HzUl4="
    },
    "rc-dialog": {
      "version": "6.5.10",
      "resolved": "https://registry.npmjs.org/rc-dialog/-/rc-dialog-6.5.10.tgz",
      "integrity": "sha1-nuhX0RF6MMj9ZaN/7Z9TE7BGMqM="
    },
    "rc-dropdown": {
      "version": "1.4.11",
      "resolved": "https://registry.npmjs.org/rc-dropdown/-/rc-dropdown-1.4.11.tgz",
      "integrity": "sha1-kb33u3cGTJKMEXkJ11fyJYJRLec="
    },
    "rc-editor-core": {
      "version": "0.7.7",
      "resolved": "https://registry.npmjs.org/rc-editor-core/-/rc-editor-core-0.7.7.tgz",
      "integrity": "sha1-N06JPGAfB4iVA1LajvS/7hB1WBc="
    },
    "rc-editor-mention": {
      "version": "0.6.12",
      "resolved": "https://registry.npmjs.org/rc-editor-mention/-/rc-editor-mention-0.6.12.tgz",
      "integrity": "sha1-Xfo0jF7ZprDPWMFdK3NBv98ronY="
    },
    "rc-form": {
      "version": "1.3.3",
      "resolved": "https://registry.npmjs.org/rc-form/-/rc-form-1.3.3.tgz",
      "integrity": "sha512-m1IoAcyxIbNdZMmjXo+Vf3vYsDTxjXvvd5p27lxacEObJGKE96zIGg63E9F2wk+wWLtUJj1tupNOp5C4ITk9ZQ=="
    },
    "rc-hammerjs": {
      "version": "0.6.7",
      "resolved": "https://registry.npmjs.org/rc-hammerjs/-/rc-hammerjs-0.6.7.tgz",
      "integrity": "sha1-2/p4p0b5eNZ4gUBxTKPJh32PX9c="
    },
    "rc-input-number": {
      "version": "3.4.15",
      "resolved": "https://registry.npmjs.org/rc-input-number/-/rc-input-number-3.4.15.tgz",
      "integrity": "sha1-L5BHNUAK8IO57rYFlqBeSLH6i44="
    },
    "rc-menu": {
      "version": "5.0.10",
      "resolved": "https://registry.npmjs.org/rc-menu/-/rc-menu-5.0.10.tgz",
      "integrity": "sha1-JmzxLlhEuiYGcwuRmEItoE0QK34="
    },
    "rc-notification": {
      "version": "1.4.3",
      "resolved": "https://registry.npmjs.org/rc-notification/-/rc-notification-1.4.3.tgz",
      "integrity": "sha1-Tq6FgHvX5a7hyJJ6XJvrr+Tld4c="
    },
    "rc-pagination": {
      "version": "1.8.10",
      "resolved": "https://registry.npmjs.org/rc-pagination/-/rc-pagination-1.8.10.tgz",
      "integrity": "sha1-M6/MPHOjcAz7g2ik8kKtM5VuRGY="
    },
    "rc-progress": {
      "version": "2.1.2",
      "resolved": "https://registry.npmjs.org/rc-progress/-/rc-progress-2.1.2.tgz",
      "integrity": "sha1-0xzLFJmuIjwNIdFIVlCqSg03TOA="
    },
    "rc-rate": {
      "version": "2.1.1",
      "resolved": "https://registry.npmjs.org/rc-rate/-/rc-rate-2.1.1.tgz",
      "integrity": "sha1-iK7aiz1kcLuuT2UYxlKgKpWb3cU="
    },
    "rc-select": {
      "version": "6.8.6",
      "resolved": "https://registry.npmjs.org/rc-select/-/rc-select-6.8.6.tgz",
      "integrity": "sha1-MiaH8ZkBp+y3vBGSkSPS6IByqNs=",
      "dependencies": {
        "warning": {
          "version": "2.1.0",
          "resolved": "https://registry.npmjs.org/warning/-/warning-2.1.0.tgz",
          "integrity": "sha1-ISINnGOvx3qMkhEeARr3Bc4MaQE="
        }
      }
    },
    "rc-slider": {
      "version": "7.0.8",
      "resolved": "https://registry.npmjs.org/rc-slider/-/rc-slider-7.0.8.tgz",
      "integrity": "sha1-G918v9jsG2QYulXlBoiLu1AVlVY="
    },
    "rc-steps": {
      "version": "2.5.1",
      "resolved": "https://registry.npmjs.org/rc-steps/-/rc-steps-2.5.1.tgz",
      "integrity": "sha1-w5aa6j+5hM7Ll3pKlqtjTXVqbcQ="
    },
    "rc-switch": {
      "version": "1.4.4",
      "resolved": "https://registry.npmjs.org/rc-switch/-/rc-switch-1.4.4.tgz",
      "integrity": "sha1-/fCErJHwJn+Ci9uUuyCMof6JgVs="
    },
    "rc-table": {
      "version": "5.3.3",
      "resolved": "https://registry.npmjs.org/rc-table/-/rc-table-5.3.3.tgz",
      "integrity": "sha1-KU+6EoyOy6tZoy6027p9WFcyehY="
    },
    "rc-tabs": {
      "version": "7.5.0",
      "resolved": "https://registry.npmjs.org/rc-tabs/-/rc-tabs-7.5.0.tgz",
      "integrity": "sha1-FtYZTLmaUPKVyN94X2WAW8QJ584="
    },
    "rc-time-picker": {
      "version": "2.4.1",
      "resolved": "https://registry.npmjs.org/rc-time-picker/-/rc-time-picker-2.4.1.tgz",
      "integrity": "sha1-B049EgjogO2w2Zp7nMFbk1BdqMY="
    },
    "rc-tooltip": {
      "version": "3.4.6",
      "resolved": "https://registry.npmjs.org/rc-tooltip/-/rc-tooltip-3.4.6.tgz",
      "integrity": "sha1-7ZjeKntBLlJ8a9iiqX3d8Lq9LyE="
    },
    "rc-touchable": {
      "version": "1.2.2",
      "resolved": "https://registry.npmjs.org/rc-touchable/-/rc-touchable-1.2.2.tgz",
      "integrity": "sha1-4JNsoAabRVy6co5U1MEMD6E1WP4="
    },
    "rc-tree": {
      "version": "1.5.0",
      "resolved": "https://registry.npmjs.org/rc-tree/-/rc-tree-1.5.0.tgz",
      "integrity": "sha1-a3ADA8TxYK1/bEOKj9ylfelqXdE="
    },
    "rc-tree-select": {
      "version": "1.9.6",
      "resolved": "https://registry.npmjs.org/rc-tree-select/-/rc-tree-select-1.9.6.tgz",
      "integrity": "sha1-mJNsfRE+wxUx/9upHT2Y+5nx6cs="
    },
    "rc-trigger": {
      "version": "1.10.4",
      "resolved": "https://registry.npmjs.org/rc-trigger/-/rc-trigger-1.10.4.tgz",
      "integrity": "sha1-+jDddaGhnXGr/020yXwL89dJZKI="
    },
    "rc-upload": {
      "version": "2.3.7",
      "resolved": "https://registry.npmjs.org/rc-upload/-/rc-upload-2.3.7.tgz",
      "integrity": "sha1-n0no6KFZGRSf9xF07ei1AYfOLmM=",
      "dependencies": {
        "warning": {
          "version": "2.1.0",
          "resolved": "https://registry.npmjs.org/warning/-/warning-2.1.0.tgz",
          "integrity": "sha1-ISINnGOvx3qMkhEeARr3Bc4MaQE="
        }
      }
    },
    "rc-util": {
      "version": "4.0.4",
      "resolved": "https://registry.npmjs.org/rc-util/-/rc-util-4.0.4.tgz",
      "integrity": "sha1-mYE92Qrufim2STmnCsF26tP0/zk="
    },
    "react": {
      "version": "15.5.4",
      "resolved": "https://registry.npmjs.org/react/-/react-15.5.4.tgz",
      "integrity": "sha1-+oPrAVBqsjfNwcjDsc6o3gEr8Ec="
    },
    "react-dom": {
      "version": "15.5.4",
      "resolved": "https://registry.npmjs.org/react-dom/-/react-dom-15.5.4.tgz",
      "integrity": "sha1-ugwoeG/VLtfk8hNf4CiNRirvk9o="
    },
    "react-event-listener": {
      "version": "0.4.5",
      "resolved": "https://registry.npmjs.org/react-event-listener/-/react-event-listener-0.4.5.tgz",
      "integrity": "sha1-4+iVoJcM8U7o+JAROvaBl6vz0LE="
    },
    "react-lazy-load": {
      "version": "3.0.12",
      "resolved": "https://registry.npmjs.org/react-lazy-load/-/react-lazy-load-3.0.12.tgz",
      "integrity": "sha1-K4Qd/DIn6BGdAzGJ0slgzjhNDLk="
    },
    "react-mounter": {
      "version": "1.2.0",
      "resolved": "https://registry.npmjs.org/react-mounter/-/react-mounter-1.2.0.tgz",
      "integrity": "sha1-Yjo6Ad/XePpxPr013YX9MeVcFCQ="
    },
    "react-panelgroup": {
      "version": "1.0.2",
      "resolved": "https://registry.npmjs.org/react-panelgroup/-/react-panelgroup-1.0.2.tgz",
      "integrity": "sha1-j4Y0uyecgnk5OsYVLfqBxnk2W3E="
    },
    "react-slick": {
      "version": "0.14.11",
      "resolved": "https://registry.npmjs.org/react-slick/-/react-slick-0.14.11.tgz",
      "integrity": "sha1-wsvb43KMZqL/SSm+ltRX4+oNgPM="
    },
    "react-tap-event-plugin": {
      "version": "2.0.1",
      "resolved": "https://registry.npmjs.org/react-tap-event-plugin/-/react-tap-event-plugin-2.0.1.tgz",
      "integrity": "sha1-MWvrO8ZVbinshppyk+icgmqQdNI="
    },
    "react-transition-group": {
      "version": "1.1.3",
      "resolved": "https://registry.npmjs.org/react-transition-group/-/react-transition-group-1.1.3.tgz",
      "integrity": "sha1-XgLPbkSoYzFP88aKDIJsLZ1wsiE="
    },
    "recompose": {
      "version": "0.23.4",
      "resolved": "https://registry.npmjs.org/recompose/-/recompose-0.23.4.tgz",
      "integrity": "sha1-rwnk4IQk7/pEnJt5MDcWb3swZEo="
    },
    "regenerator-runtime": {
      "version": "0.10.5",
      "resolved": "https://registry.npmjs.org/regenerator-runtime/-/regenerator-runtime-0.10.5.tgz",
      "integrity": "sha1-M2w+/BIgrc7dosn6tntaeVWjNlg="
    },
    "repeat-string": {
      "version": "1.6.1",
      "resolved": "https://registry.npmjs.org/repeat-string/-/repeat-string-1.6.1.tgz",
      "integrity": "sha1-jcrkcOHIirwtYA//Sndihtp15jc="
    },
    "right-align": {
      "version": "0.1.3",
      "resolved": "https://registry.npmjs.org/right-align/-/right-align-0.1.3.tgz",
      "integrity": "sha1-YTObci/mo1FWiSENJOFMlhSGE+8=",
      "optional": true
    },
    "rimraf": {
      "version": "2.6.1",
      "resolved": "https://registry.npmjs.org/rimraf/-/rimraf-2.6.1.tgz",
      "integrity": "sha1-wjOOxkPfeht/5cVPqG9XQopV8z0=",
      "dev": true
    },
    "setimmediate": {
      "version": "1.0.5",
      "resolved": "https://registry.npmjs.org/setimmediate/-/setimmediate-1.0.5.tgz",
      "integrity": "sha1-KQy7Iy4waULX1+qbg3Mqt4VvgoU="
    },
    "shallow-equal": {
      "version": "1.0.0",
      "resolved": "https://registry.npmjs.org/shallow-equal/-/shallow-equal-1.0.0.tgz",
      "integrity": "sha1-UI0YOLPeWQq4dXsBGyXkMJAJRfc="
    },
    "shallowequal": {
      "version": "0.2.2",
      "resolved": "https://registry.npmjs.org/shallowequal/-/shallowequal-0.2.2.tgz",
      "integrity": "sha1-HjL9W8q2rWiKSBLLDMBO/HXHAU4="
    },
    "simpl-schema": {
      "version": "0.3.0",
      "resolved": "https://registry.npmjs.org/simpl-schema/-/simpl-schema-0.3.0.tgz",
      "integrity": "sha1-gVbuWRWGBQGv0cMMpcgnj7EVK/0="
    },
    "simple-assign": {
      "version": "0.1.0",
      "resolved": "https://registry.npmjs.org/simple-assign/-/simple-assign-0.1.0.tgz",
      "integrity": "sha1-F/0wZqXz13OPUDIbsPFMooHMS6o="
    },
    "slick-carousel": {
      "version": "1.6.0",
      "resolved": "https://registry.npmjs.org/slick-carousel/-/slick-carousel-1.6.0.tgz",
      "integrity": "sha1-eA83jkcPTm9r7BqiuuBHX0+esIU="
    },
    "source-map": {
      "version": "0.4.4",
      "resolved": "https://registry.npmjs.org/source-map/-/source-map-0.4.4.tgz",
      "integrity": "sha1-66T12pwNyZneaAMti092FzZSA2s="
    },
    "string-convert": {
      "version": "0.2.1",
      "resolved": "https://registry.npmjs.org/string-convert/-/string-convert-0.2.1.tgz",
      "integrity": "sha1-aYLMMEn7tM2F+LJFaLnZvznu/5c="
    },
    "symbol-observable": {
      "version": "1.0.4",
      "resolved": "https://registry.npmjs.org/symbol-observable/-/symbol-observable-1.0.4.tgz",
      "integrity": "sha1-Kb9hXUqnEhvdiYsi1LP5vE4qoD0="
    },
    "ua-parser-js": {
      "version": "0.7.12",
      "resolved": "https://registry.npmjs.org/ua-parser-js/-/ua-parser-js-0.7.12.tgz",
      "integrity": "sha1-BMgamb3V3FImPqKdJMa/jUgYpLs="
    },
    "uglify-js": {
      "version": "2.8.28",
      "resolved": "https://registry.npmjs.org/uglify-js/-/uglify-js-2.8.28.tgz",
      "integrity": "sha512-WqKNbmNJKzIdIEQu/U2ytgGBbhCy2PVks94GoetczOAJ/zCgVu2CuO7gguI5KPFGPtUtI1dmPQl6h0D4cPzypA==",
      "optional": true,
      "dependencies": {
        "source-map": {
          "version": "0.5.6",
          "resolved": "https://registry.npmjs.org/source-map/-/source-map-0.5.6.tgz",
          "integrity": "sha1-dc449SvwczxafwwRjYEzSiu19BI=",
          "optional": true
        }
      }
    },
    "uglify-to-browserify": {
      "version": "1.0.2",
      "resolved": "https://registry.npmjs.org/uglify-to-browserify/-/uglify-to-browserify-1.0.2.tgz",
      "integrity": "sha1-bgkk1r2mta/jSeOabWMoUKD4grc=",
      "optional": true
    },
    "underscore": {
      "version": "1.8.3",
      "resolved": "https://registry.npmjs.org/underscore/-/underscore-1.8.3.tgz",
      "integrity": "sha1-Tz+1OxBuYJf8+ctBCfKl6b36UCI="
    },
    "uniforms": {
      "version": "file:../packages/uniforms",
      "dependencies": {
        "lodash.clonedeep": {
          "version": "4.5.0",
          "bundled": true
        },
        "lodash.isequal": {
          "version": "4.5.0",
          "bundled": true
        },
        "lodash.xorwith": {
          "version": "4.5.0",
          "bundled": true
        }
      }
    },
    "uniforms-antd": {
      "version": "file:../packages/uniforms-antd"
    },
    "uniforms-bootstrap3": {
      "version": "file:../packages/uniforms-bootstrap3"
    },
    "uniforms-bootstrap4": {
      "version": "file:../packages/uniforms-bootstrap4"
    },
    "uniforms-material": {
      "version": "file:../packages/uniforms-material"
    },
    "uniforms-semantic": {
      "version": "file:../packages/uniforms-semantic"
    },
    "uniforms-unstyled": {
      "version": "file:../packages/uniforms-unstyled"
    },
    "warning": {
      "version": "3.0.0",
      "resolved": "https://registry.npmjs.org/warning/-/warning-3.0.0.tgz",
      "integrity": "sha1-MuU3fLVy3kqwR1O9+IIcAe1gW3w="
    },
    "whatwg-fetch": {
      "version": "2.0.3",
      "resolved": "https://registry.npmjs.org/whatwg-fetch/-/whatwg-fetch-2.0.3.tgz",
      "integrity": "sha1-nITsLc9oGH/wC8ZOEnS0QhduHIQ="
    },
    "window-size": {
      "version": "0.1.0",
      "resolved": "https://registry.npmjs.org/window-size/-/window-size-0.1.0.tgz",
      "integrity": "sha1-VDjNLqk7IC76Ohn+iIeu58lPnJ0=",
      "optional": true
    },
    "wordwrap": {
      "version": "0.0.3",
      "resolved": "https://registry.npmjs.org/wordwrap/-/wordwrap-0.0.3.tgz",
      "integrity": "sha1-o9XabNXAvAAI03I0u68b7WMFkQc="
    },
    "wrappy": {
      "version": "1.0.2",
      "resolved": "https://registry.npmjs.org/wrappy/-/wrappy-1.0.2.tgz",
      "integrity": "sha1-tSQ9jz7BqjXxNkYFvA0QNuMKtp8=",
      "dev": true
    },
    "yargs": {
      "version": "3.10.0",
      "resolved": "https://registry.npmjs.org/yargs/-/yargs-3.10.0.tgz",
      "integrity": "sha1-9+572FfdfB0tOMDnTvvWgdFDH9E=",
      "optional": true
    }
  }
}
