{
	"name": "uniforms-reproductions",
	"lockfileVersion": 2,
	"requires": true,
	"packages": {
		"": {
			"name": "uniforms-reproductions",
			"dependencies": {
				"@types/react": "17.0.2",
				"@types/react-dom": "17.0.2"
			}
		},
		"node_modules/@types/react": {
			"version": "17.0.2",
			"resolved": "https://registry.npmjs.org/@types/react/-/react-17.0.2.tgz",
			"integrity": "sha512-Xt40xQsrkdvjn1EyWe1Bc0dJLcil/9x2vAuW7ya+PuQip4UYUaXyhzWmAbwRsdMgwOFHpfp7/FFZebDU6Y8VHA==",
			"dependencies": {
				"@types/prop-types": "*",
				"csstype": "^3.0.2"
			}
		},
		"node_modules/@types/react-dom": {
			"version": "17.0.2",
			"resolved": "https://registry.npmjs.org/@types/react-dom/-/react-dom-17.0.2.tgz",
			"integrity": "sha512-Icd9KEgdnFfJs39KyRyr0jQ7EKhq8U6CcHRMGAS45fp5qgUvxL3ujUCfWFttUK2UErqZNj97t9gsVPNAqcwoCg==",
			"dependencies": {
				"@types/react": "*"
			}
		},
		"node_modules/@types/react/node_modules/@types/prop-types": {
			"version": "15.7.4",
			"resolved": "https://registry.npmjs.org/@types/prop-types/-/prop-types-15.7.4.tgz",
			"integrity": "sha512-rZ5drC/jWjrArrS8BR6SIr4cWpW09RNTYt9AMZo3Jwwif+iacXAqgVjm0B0Bv/S1jhDXKHqRVNCbACkJ89RAnQ=="
		},
		"node_modules/@types/react/node_modules/csstype": {
			"version": "3.0.10",
			"resolved": "https://registry.npmjs.org/csstype/-/csstype-3.0.10.tgz",
			"integrity": "sha512-2u44ZG2OcNUO9HDp/Jl8C07x6pU/eTR3ncV91SiK3dhG9TWvRVsCoJw14Ckx5DgWkzGA3waZWO3d7pgqpUI/XA=="
		}
	},
	"dependencies": {
		"@types/react": {
			"version": "17.0.2",
			"resolved": "https://registry.npmjs.org/@types/react/-/react-17.0.2.tgz",
			"integrity": "sha512-Xt40xQsrkdvjn1EyWe1Bc0dJLcil/9x2vAuW7ya+PuQip4UYUaXyhzWmAbwRsdMgwOFHpfp7/FFZebDU6Y8VHA==",
			"requires": {
				"@types/prop-types": "*",
				"csstype": "^3.0.2"
			},
			"dependencies": {
				"@types/prop-types": {
					"version": "15.7.4",
					"resolved": "https://registry.npmjs.org/@types/prop-types/-/prop-types-15.7.4.tgz",
					"integrity": "sha512-rZ5drC/jWjrArrS8BR6SIr4cWpW09RNTYt9AMZo3Jwwif+iacXAqgVjm0B0Bv/S1jhDXKHqRVNCbACkJ89RAnQ=="
				},
				"csstype": {
					"version": "3.0.10",
					"resolved": "https://registry.npmjs.org/csstype/-/csstype-3.0.10.tgz",
					"integrity": "sha512-2u44ZG2OcNUO9HDp/Jl8C07x6pU/eTR3ncV91SiK3dhG9TWvRVsCoJw14Ckx5DgWkzGA3waZWO3d7pgqpUI/XA=="
				}
			}
		},
		"@types/react-dom": {
			"version": "17.0.2",
			"resolved": "https://registry.npmjs.org/@types/react-dom/-/react-dom-17.0.2.tgz",
			"integrity": "sha512-Icd9KEgdnFfJs39KyRyr0jQ7EKhq8U6CcHRMGAS45fp5qgUvxL3ujUCfWFttUK2UErqZNj97t9gsVPNAqcwoCg==",
			"requires": {
				"@types/react": "*"
			}
		}
	}
}
