{
  "name": "uniforms-reproductions",
  "lockfileVersion": 3,
  "requires": true,
  "packages": {
    "": {
      "name": "uniforms-reproductions",
      "dependencies": {
        "@mantine/core": "7.1.2",
        "@tabler/icons-react": "2.38.0"
      }
    },
    "../packages/uniforms": {
      "version": "4.0.0-alpha.5",
      "extraneous": true,
      "license": "MIT",
      "dependencies": {
        "invariant": "^2.0.0",
        "lodash": "^4.0.0",
        "tslib": "^2.2.0"
      },
      "funding": {
        "url": "https://github.com/vazco/uniforms?sponsor=1"
      },
      "peerDependencies": {
        "react": "^18.0.0 || ^17.0.0 || ^16.8.0"
      }
    },
    "../packages/uniforms-antd": {
      "version": "4.0.0-alpha.5",
      "extraneous": true,
      "license": "MIT",
      "dependencies": {
        "invariant": "^2.0.0",
        "lodash": "^4.0.0",
        "tslib": "^2.2.0",
        "uniforms": "^4.0.0-alpha.5",
        "warning": "^4.0.0"
      },
      "funding": {
        "url": "https://github.com/vazco/uniforms?sponsor=1"
      },
      "peerDependencies": {
        "@ant-design/icons": "^4.0.0",
        "antd": "^4.0.0",
        "react": "^18.0.0 || ^17.0.0 || ^16.8.0"
      }
    },
    "../packages/uniforms-bootstrap3": {
      "version": "4.0.0-alpha.5",
      "extraneous": true,
      "license": "MIT",
      "dependencies": {
        "classnames": "^2.0.0",
        "invariant": "^2.0.0",
        "lodash": "^4.0.0",
        "tslib": "^2.2.0",
        "uniforms": "^4.0.0-alpha.5",
        "warning": "^4.0.0"
      },
      "funding": {
        "url": "https://github.com/vazco/uniforms?sponsor=1"
      },
      "peerDependencies": {
        "react": "^18.0.0 || ^17.0.0 || ^16.8.0"
      }
    },
    "../packages/uniforms-bootstrap4": {
      "version": "4.0.0-alpha.5",
      "extraneous": true,
      "license": "MIT",
      "dependencies": {
        "classnames": "^2.0.0",
        "invariant": "^2.0.0",
        "lodash": "^4.0.0",
        "tslib": "^2.2.0",
        "uniforms": "^4.0.0-alpha.5",
        "warning": "^4.0.0"
      },
      "funding": {
        "url": "https://github.com/vazco/uniforms?sponsor=1"
      },
      "peerDependencies": {
        "react": "^18.0.0 || ^17.0.0 || ^16.8.0"
      }
    },
    "../packages/uniforms-bootstrap5": {
      "version": "4.0.0-alpha.5",
      "extraneous": true,
      "license": "MIT",
      "dependencies": {
        "classnames": "^2.0.0",
        "invariant": "^2.0.0",
        "lodash": "^4.0.0",
        "tslib": "^2.2.0",
        "uniforms": "^4.0.0-alpha.5",
        "warning": "^4.0.0"
      },
      "funding": {
        "url": "https://github.com/vazco/uniforms?sponsor=1"
      },
      "peerDependencies": {
        "react": "^18.0.0 || ^17.0.0 || ^16.8.0"
      }
    },
    "../packages/uniforms-bridge-graphql": {
      "version": "4.0.0-alpha.5",
      "extraneous": true,
      "license": "MIT",
      "dependencies": {
        "graphql": "^15.0.0",
        "invariant": "^2.0.0",
        "lodash": "^4.0.0",
        "tslib": "^2.2.0",
        "uniforms": "^4.0.0-alpha.5"
      },
      "funding": {
        "url": "https://github.com/vazco/uniforms?sponsor=1"
      }
    },
    "../packages/uniforms-bridge-json-schema": {
      "version": "4.0.0-alpha.5",
      "extraneous": true,
      "license": "MIT",
      "dependencies": {
        "invariant": "^2.0.0",
        "lodash": "^4.0.0",
        "tslib": "^2.2.0",
        "uniforms": "^4.0.0-alpha.5"
      },
      "funding": {
        "url": "https://github.com/vazco/uniforms?sponsor=1"
      }
    },
    "../packages/uniforms-bridge-simple-schema": {
      "version": "4.0.0-alpha.5",
      "extraneous": true,
      "license": "MIT",
      "dependencies": {
        "invariant": "^2.0.0",
        "lodash": "^4.0.0",
        "tslib": "^2.2.0",
        "uniforms": "^4.0.0-alpha.5"
      },
      "funding": {
        "url": "https://github.com/vazco/uniforms?sponsor=1"
      }
    },
    "../packages/uniforms-bridge-simple-schema-2": {
      "version": "4.0.0-alpha.5",
      "extraneous": true,
      "license": "MIT",
      "dependencies": {
        "invariant": "^2.0.0",
        "lodash": "^4.0.0",
        "simpl-schema": "^1.0.0 || ^0.0.4",
        "tslib": "^2.2.0",
        "uniforms": "^4.0.0-alpha.5"
      },
      "funding": {
        "url": "https://github.com/vazco/uniforms?sponsor=1"
      }
    },
    "../packages/uniforms-mantine": {
      "version": "4.0.0-alpha.5",
      "extraneous": true,
      "license": "MIT",
      "dependencies": {
        "invariant": "^2.0.0",
        "lodash": "^4.0.0",
        "tslib": "^2.2.0",
        "uniforms": "^4.0.0-alpha.5"
      },
      "funding": {
        "url": "https://github.com/vazco/uniforms?sponsor=1"
      },
      "peerDependencies": {
        "@mantine/core": "^7.0.0",
        "@tabler/icons-react": "^2.0.0",
        "react": "^18.0.0 || ^17.0.0 || ^16.8.0"
      }
    },
    "../packages/uniforms-material": {
      "version": "4.0.0-alpha.5",
      "extraneous": true,
      "license": "MIT",
      "dependencies": {
        "invariant": "^2.0.0",
        "lodash": "^4.0.0",
        "tslib": "^2.2.0",
        "uniforms": "^4.0.0-alpha.5"
      },
      "funding": {
        "url": "https://github.com/vazco/uniforms?sponsor=1"
      },
      "peerDependencies": {
        "@material-ui/core": "^4.0.0",
        "csstype": "^2.0.0",
        "react": "^18.0.0 || ^17.0.0 || ^16.8.0"
      }
    },
    "../packages/uniforms-mui": {
      "version": "4.0.0-alpha.5",
      "extraneous": true,
      "license": "MIT",
      "dependencies": {
        "invariant": "^2.0.0",
        "lodash": "^4.0.0",
        "tslib": "^2.2.0",
        "uniforms": "^4.0.0-alpha.5"
      },
      "funding": {
        "url": "https://github.com/vazco/uniforms?sponsor=1"
      },
      "peerDependencies": {
        "@mui/material": "^5.0.0",
        "react": "^18.0.0 || ^17.0.0"
      }
    },
    "../packages/uniforms-semantic": {
      "version": "4.0.0-alpha.5",
      "extraneous": true,
      "license": "MIT",
      "dependencies": {
        "classnames": "^2.0.0",
        "invariant": "^2.0.0",
        "lodash": "^4.0.0",
        "tslib": "^2.2.0",
        "uniforms": "^4.0.0-alpha.5"
      },
      "funding": {
        "url": "https://github.com/vazco/uniforms?sponsor=1"
      },
      "peerDependencies": {
        "react": "^18.0.0 || ^17.0.0 || ^16.8.0"
      }
    },
    "../packages/uniforms-unstyled": {
      "version": "4.0.0-alpha.5",
      "extraneous": true,
      "license": "MIT",
      "dependencies": {
        "invariant": "^2.0.0",
        "lodash": "^4.0.0",
        "tslib": "^2.2.0",
        "uniforms": "^4.0.0-alpha.5"
      },
      "funding": {
        "url": "https://github.com/vazco/uniforms?sponsor=1"
      },
      "peerDependencies": {
        "react": "^18.0.0 || ^17.0.0 || ^16.8.0"
      }
    },
    "node_modules/@babel/runtime": {
      "version": "7.22.5",
      "license": "MIT",
      "dependencies": {
        "regenerator-runtime": "^0.13.11"
      },
      "engines": {
        "node": ">=6.9.0"
      }
    },
    "node_modules/@mantine/core": {
      "version": "7.1.2",
      "resolved": "https://registry.npmjs.org/@mantine/core/-/core-7.1.2.tgz",
      "integrity": "sha512-EZg82V/+uA2bM981mEUOUGfqKIRsMfvxLdAPQpurhtqsnq4yBj1xjC3KzX/Eas9QhhHuR+4DJJyGTuO9aOK6nQ==",
      "dependencies": {
        "@floating-ui/react": "^0.24.8",
        "clsx": "2.0.0",
        "react-number-format": "^5.2.2",
        "react-remove-scroll": "^2.5.6",
        "react-textarea-autosize": "8.5.3",
        "type-fest": "^3.13.1"
      },
      "peerDependencies": {
        "@mantine/hooks": "7.1.2",
        "react": "^18.2.0",
        "react-dom": "^18.2.0"
      }
    },
    "node_modules/@mantine/core/node_modules/@floating-ui/core": {
      "version": "1.6.2",
      "resolved": "https://registry.npmjs.org/@floating-ui/core/-/core-1.6.2.tgz",
      "integrity": "sha512-+2XpQV9LLZeanU4ZevzRnGFg2neDeKHgFLjP6YLW+tly0IvrhqT4u8enLGjLH3qeh85g19xY5rsAusfwTdn5lg==",
      "dependencies": {
        "@floating-ui/utils": "^0.2.0"
      }
    },
    "node_modules/@mantine/core/node_modules/@floating-ui/dom": {
      "version": "1.6.5",
      "resolved": "https://registry.npmjs.org/@floating-ui/dom/-/dom-1.6.5.tgz",
      "integrity": "sha512-Nsdud2X65Dz+1RHjAIP0t8z5e2ff/IRbei6BqFrl1urT8sDVzM1HMQ+R0XcU5ceRfyO3I6ayeqIfh+6Wb8LGTw==",
      "dependencies": {
        "@floating-ui/core": "^1.0.0",
        "@floating-ui/utils": "^0.2.0"
      }
    },
    "node_modules/@mantine/core/node_modules/@floating-ui/react": {
      "version": "0.24.8",
      "resolved": "https://registry.npmjs.org/@floating-ui/react/-/react-0.24.8.tgz",
      "integrity": "sha512-AuYeDoaR8jtUlUXtZ1IJ/6jtBkGnSpJXbGNzokBL87VDJ8opMq1Bgrc0szhK482ReQY6KZsMoZCVSb4xwalkBA==",
      "dependencies": {
        "@floating-ui/react-dom": "^2.0.1",
        "aria-hidden": "^1.2.3",
        "tabbable": "^6.0.1"
      },
      "peerDependencies": {
        "react": ">=16.8.0",
        "react-dom": ">=16.8.0"
      }
    },
    "node_modules/@mantine/core/node_modules/@floating-ui/react-dom": {
      "version": "2.1.0",
      "resolved": "https://registry.npmjs.org/@floating-ui/react-dom/-/react-dom-2.1.0.tgz",
      "integrity": "sha512-lNzj5EQmEKn5FFKc04+zasr09h/uX8RtJRNj5gUXsSQIXHVWTVh+hVAg1vOMCexkX8EgvemMvIFpQfkosnVNyA==",
      "dependencies": {
        "@floating-ui/dom": "^1.0.0"
      },
      "peerDependencies": {
        "react": ">=16.8.0",
        "react-dom": ">=16.8.0"
      }
    },
    "node_modules/@mantine/core/node_modules/@floating-ui/utils": {
      "version": "0.2.2",
      "resolved": "https://registry.npmjs.org/@floating-ui/utils/-/utils-0.2.2.tgz",
      "integrity": "sha512-J4yDIIthosAsRZ5CPYP/jQvUAQtlZTTD/4suA08/FEnlxqW3sKS9iAhgsa9VYLZ6vDHn/ixJgIqRQPotoBjxIw=="
    },
    "node_modules/@mantine/core/node_modules/aria-hidden": {
      "version": "1.2.4",
      "resolved": "https://registry.npmjs.org/aria-hidden/-/aria-hidden-1.2.4.tgz",
      "integrity": "sha512-y+CcFFwelSXpLZk/7fMB2mUbGtX9lKycf1MWJ7CaTIERyitVlyQx6C+sxcROU2BAJ24OiZyK+8wj2i8AlBoS3A==",
      "dependencies": {
        "tslib": "^2.0.0"
      },
      "engines": {
        "node": ">=10"
      }
    },
    "node_modules/@mantine/core/node_modules/clsx": {
      "version": "2.0.0",
      "resolved": "https://registry.npmjs.org/clsx/-/clsx-2.0.0.tgz",
      "integrity": "sha512-rQ1+kcj+ttHG0MKVGBUXwayCCF1oh39BF5COIpRzuCEv8Mwjv0XucrI2ExNTOn9IlLifGClWQcU9BrZORvtw6Q==",
      "engines": {
        "node": ">=6"
      }
    },
    "node_modules/@mantine/core/node_modules/detect-node-es": {
      "version": "1.1.0",
      "resolved": "https://registry.npmjs.org/detect-node-es/-/detect-node-es-1.1.0.tgz",
      "integrity": "sha512-ypdmJU/TbBby2Dxibuv7ZLW3Bs1QEmM7nHjEANfohJLvE0XVujisn1qPJcZxg+qDucsr+bP6fLD1rPS3AhJ7EQ=="
    },
    "node_modules/@mantine/core/node_modules/get-nonce": {
      "version": "1.0.1",
      "resolved": "https://registry.npmjs.org/get-nonce/-/get-nonce-1.0.1.tgz",
      "integrity": "sha512-FJhYRoDaiatfEkUK8HKlicmu/3SGFD51q3itKDGoSTysQJBnfOcxU5GxnhE1E6soB76MbT0MBtnKJuXyAx+96Q==",
      "engines": {
        "node": ">=6"
      }
    },
    "node_modules/@mantine/core/node_modules/invariant": {
      "version": "2.2.4",
      "resolved": "https://registry.npmjs.org/invariant/-/invariant-2.2.4.tgz",
      "integrity": "sha512-phJfQVBuaJM5raOpJjSfkiD6BpbCE4Ns//LaXl6wGYtUBY83nWS6Rf9tXm2e8VaK60JEjYldbPif/A2B1C2gNA==",
      "dependencies": {
        "loose-envify": "^1.0.0"
      }
    },
    "node_modules/@mantine/core/node_modules/react-number-format": {
      "version": "5.3.4",
      "resolved": "https://registry.npmjs.org/react-number-format/-/react-number-format-5.3.4.tgz",
      "integrity": "sha512-2hHN5mbLuCDUx19bv0Q8wet67QqYK6xmtLQeY5xx+h7UXiMmRtaCwqko4mMPoKXLc6xAzwRrutg8XbTRlsfjRg==",
      "dependencies": {
        "prop-types": "^15.7.2"
      },
      "peerDependencies": {
        "react": "^0.14 || ^15.0.0 || ^16.0.0 || ^17.0.0 || ^18.0.0",
        "react-dom": "^0.14 || ^15.0.0 || ^16.0.0 || ^17.0.0 || ^18.0.0"
      }
    },
    "node_modules/@mantine/core/node_modules/react-remove-scroll": {
      "version": "2.5.10",
      "resolved": "https://registry.npmjs.org/react-remove-scroll/-/react-remove-scroll-2.5.10.tgz",
      "integrity": "sha512-m3zvBRANPBw3qxVVjEIPEQinkcwlFZ4qyomuWVpNJdv4c6MvHfXV0C3L9Jx5rr3HeBHKNRX+1jreB5QloDIJjA==",
      "dependencies": {
        "react-remove-scroll-bar": "^2.3.6",
        "react-style-singleton": "^2.2.1",
        "tslib": "^2.1.0",
        "use-callback-ref": "^1.3.0",
        "use-sidecar": "^1.1.2"
      },
      "engines": {
        "node": ">=10"
      },
      "peerDependencies": {
        "@types/react": "^16.8.0 || ^17.0.0 || ^18.0.0",
        "react": "^16.8.0 || ^17.0.0 || ^18.0.0"
      },
      "peerDependenciesMeta": {
        "@types/react": {
          "optional": true
        }
      }
    },
    "node_modules/@mantine/core/node_modules/react-remove-scroll-bar": {
      "version": "2.3.6",
      "resolved": "https://registry.npmjs.org/react-remove-scroll-bar/-/react-remove-scroll-bar-2.3.6.tgz",
      "integrity": "sha512-DtSYaao4mBmX+HDo5YWYdBWQwYIQQshUV/dVxFxK+KM26Wjwp1gZ6rv6OC3oujI6Bfu6Xyg3TwK533AQutsn/g==",
      "dependencies": {
        "react-style-singleton": "^2.2.1",
        "tslib": "^2.0.0"
      },
      "engines": {
        "node": ">=10"
      },
      "peerDependencies": {
        "@types/react": "^16.8.0 || ^17.0.0 || ^18.0.0",
        "react": "^16.8.0 || ^17.0.0 || ^18.0.0"
      },
      "peerDependenciesMeta": {
        "@types/react": {
          "optional": true
        }
      }
    },
    "node_modules/@mantine/core/node_modules/react-style-singleton": {
      "version": "2.2.1",
      "resolved": "https://registry.npmjs.org/react-style-singleton/-/react-style-singleton-2.2.1.tgz",
      "integrity": "sha512-ZWj0fHEMyWkHzKYUr2Bs/4zU6XLmq9HsgBURm7g5pAVfyn49DgUiNgY2d4lXRlYSiCif9YBGpQleewkcqddc7g==",
      "dependencies": {
        "get-nonce": "^1.0.0",
        "invariant": "^2.2.4",
        "tslib": "^2.0.0"
      },
      "engines": {
        "node": ">=10"
      },
      "peerDependencies": {
        "@types/react": "^16.8.0 || ^17.0.0 || ^18.0.0",
        "react": "^16.8.0 || ^17.0.0 || ^18.0.0"
      },
      "peerDependenciesMeta": {
        "@types/react": {
          "optional": true
        }
      }
    },
    "node_modules/@mantine/core/node_modules/react-textarea-autosize": {
      "version": "8.5.3",
      "resolved": "https://registry.npmjs.org/react-textarea-autosize/-/react-textarea-autosize-8.5.3.tgz",
      "integrity": "sha512-XT1024o2pqCuZSuBt9FwHlaDeNtVrtCXu0Rnz88t1jUGheCLa3PhjE1GH8Ctm2axEtvdCl5SUHYschyQ0L5QHQ==",
      "dependencies": {
        "@babel/runtime": "^7.20.13",
        "use-composed-ref": "^1.3.0",
        "use-latest": "^1.2.1"
      },
      "engines": {
        "node": ">=10"
      },
      "peerDependencies": {
        "react": "^16.8.0 || ^17.0.0 || ^18.0.0"
      }
    },
    "node_modules/@mantine/core/node_modules/tabbable": {
      "version": "6.2.0",
      "resolved": "https://registry.npmjs.org/tabbable/-/tabbable-6.2.0.tgz",
      "integrity": "sha512-Cat63mxsVJlzYvN51JmVXIgNoUokrIaT2zLclCXjRd8boZ0004U4KCs/sToJ75C6sdlByWxpYnb5Boif1VSFew=="
    },
    "node_modules/@mantine/core/node_modules/type-fest": {
      "version": "3.13.1",
      "resolved": "https://registry.npmjs.org/type-fest/-/type-fest-3.13.1.tgz",
      "integrity": "sha512-tLq3bSNx+xSpwvAJnzrK0Ep5CLNWjvFTOp71URMaAEWBfRb9nnJiBoUe0tF8bI4ZFO3omgBR6NvnbzVUT3Ly4g==",
      "engines": {
        "node": ">=14.16"
      },
      "funding": {
        "url": "https://github.com/sponsors/sindresorhus"
      }
    },
    "node_modules/@mantine/core/node_modules/use-callback-ref": {
      "version": "1.3.2",
      "resolved": "https://registry.npmjs.org/use-callback-ref/-/use-callback-ref-1.3.2.tgz",
      "integrity": "sha512-elOQwe6Q8gqZgDA8mrh44qRTQqpIHDcZ3hXTLjBe1i4ph8XpNJnO+aQf3NaG+lriLopI4HMx9VjQLfPQ6vhnoA==",
      "dependencies": {
        "tslib": "^2.0.0"
      },
      "engines": {
        "node": ">=10"
      },
      "peerDependencies": {
        "@types/react": "^16.8.0 || ^17.0.0 || ^18.0.0",
        "react": "^16.8.0 || ^17.0.0 || ^18.0.0"
      },
      "peerDependenciesMeta": {
        "@types/react": {
          "optional": true
        }
      }
    },
    "node_modules/@mantine/core/node_modules/use-composed-ref": {
      "version": "1.3.0",
      "resolved": "https://registry.npmjs.org/use-composed-ref/-/use-composed-ref-1.3.0.tgz",
      "integrity": "sha512-GLMG0Jc/jiKov/3Ulid1wbv3r54K9HlMW29IWcDFPEqFkSO2nS0MuefWgMJpeHQ9YJeXDL3ZUF+P3jdXlZX/cQ==",
      "peerDependencies": {
        "react": "^16.8.0 || ^17.0.0 || ^18.0.0"
      }
    },
    "node_modules/@mantine/core/node_modules/use-isomorphic-layout-effect": {
      "version": "1.1.2",
      "resolved": "https://registry.npmjs.org/use-isomorphic-layout-effect/-/use-isomorphic-layout-effect-1.1.2.tgz",
      "integrity": "sha512-49L8yCO3iGT/ZF9QttjwLF/ZD9Iwto5LnH5LmEdk/6cFmXddqi2ulF0edxTwjj+7mqvpVVGQWvbXZdn32wRSHA==",
      "peerDependencies": {
        "react": "^16.8.0 || ^17.0.0 || ^18.0.0"
      },
      "peerDependenciesMeta": {
        "@types/react": {
          "optional": true
        }
      }
    },
    "node_modules/@mantine/core/node_modules/use-latest": {
      "version": "1.2.1",
      "resolved": "https://registry.npmjs.org/use-latest/-/use-latest-1.2.1.tgz",
      "integrity": "sha512-xA+AVm/Wlg3e2P/JiItTziwS7FK92LWrDB0p+hgXloIMuVCeJJ8v6f0eeHyPZaJrM+usM1FkFfbNCrJGs8A/zw==",
      "dependencies": {
        "use-isomorphic-layout-effect": "^1.1.1"
      },
      "peerDependencies": {
        "react": "^16.8.0 || ^17.0.0 || ^18.0.0"
      },
      "peerDependenciesMeta": {
        "@types/react": {
          "optional": true
        }
      }
    },
    "node_modules/@mantine/core/node_modules/use-sidecar": {
      "version": "1.1.2",
      "resolved": "https://registry.npmjs.org/use-sidecar/-/use-sidecar-1.1.2.tgz",
      "integrity": "sha512-epTbsLuzZ7lPClpz2TyryBfztm7m+28DlEv2ZCQ3MDr5ssiwyOwGH/e5F9CkfWjJ1t4clvI58yF822/GUkjjhw==",
      "dependencies": {
        "detect-node-es": "^1.1.0",
        "tslib": "^2.0.0"
      },
      "engines": {
        "node": ">=10"
      },
      "peerDependencies": {
        "@types/react": "^16.9.0 || ^17.0.0 || ^18.0.0",
        "react": "^16.8.0 || ^17.0.0 || ^18.0.0"
      },
      "peerDependenciesMeta": {
        "@types/react": {
          "optional": true
        }
      }
    },
    "node_modules/@mantine/hooks": {
      "version": "7.1.2",
      "resolved": "https://registry.npmjs.org/@mantine/hooks/-/hooks-7.1.2.tgz",
      "integrity": "sha512-2sqfBKse/aJq93zEpIn4OY+jRACmDIWBixfBgobRfltDyeL8G+3223LSAaeT6ZD8+h2YBJVmbCD5QY7bx2l11Q==",
      "peer": true,
      "peerDependencies": {
        "react": "^18.2.0"
      }
    },
    "node_modules/@tabler/icons-react": {
      "version": "2.38.0",
      "resolved": "https://registry.npmjs.org/@tabler/icons-react/-/icons-react-2.38.0.tgz",
      "integrity": "sha512-4oLo7z7HkFQXZNNAo3tmhpdZTeFrSNSxngmrEOGZ6WsjT2WRlc6kcEHMVxfCekV19JeB6Yprg30Bdr4sUYJLiQ==",
      "dependencies": {
        "@tabler/icons": "2.38.0",
        "prop-types": "^15.7.2"
      },
      "funding": {
        "type": "github",
        "url": "https://github.com/sponsors/codecalm"
      },
      "peerDependencies": {
        "react": "^16.5.1 || ^17.0.0 || ^18.0.0"
      }
    },
    "node_modules/@tabler/icons-react/node_modules/@tabler/icons": {
      "version": "2.38.0",
      "resolved": "https://registry.npmjs.org/@tabler/icons/-/icons-2.38.0.tgz",
      "integrity": "sha512-icDKK6n8jUYAavHK+L2Xe0/tYjwZVS7uhVazhCMVjdm3RfJLFbeLSNEIWcYdGOg6QAock9yqWse8hnhvsy2M3w==",
      "funding": {
        "type": "github",
        "url": "https://github.com/sponsors/codecalm"
      }
    },
    "node_modules/js-tokens": {
      "version": "4.0.0",
      "license": "MIT"
    },
    "node_modules/loose-envify": {
      "version": "1.4.0",
      "license": "MIT",
      "dependencies": {
        "js-tokens": "^3.0.0 || ^4.0.0"
      },
      "bin": {
        "loose-envify": "cli.js"
      }
    },
    "node_modules/object-assign": {
      "version": "4.1.1",
      "license": "MIT",
      "engines": {
        "node": ">=0.10.0"
      }
    },
    "node_modules/prop-types": {
      "version": "15.8.1",
      "license": "MIT",
      "dependencies": {
        "loose-envify": "^1.4.0",
        "object-assign": "^4.1.1",
        "react-is": "^16.13.1"
      }
    },
    "node_modules/prop-types/node_modules/react-is": {
      "version": "16.13.1",
      "license": "MIT"
    },
    "node_modules/react": {
      "version": "18.3.1",
      "resolved": "https://registry.npmjs.org/react/-/react-18.3.1.tgz",
      "integrity": "sha512-wS+hAgJShR0KhEvPJArfuPVN1+Hz1t0Y6n5jLrGQbkb4urgPE/0Rve+1kMB1v/oWgHgm4WIcV+i7F2pTVj+2iQ==",
      "peer": true,
      "dependencies": {
        "loose-envify": "^1.1.0"
      },
      "engines": {
        "node": ">=0.10.0"
      }
    },
    "node_modules/react-dom": {
      "version": "18.3.1",
      "resolved": "https://registry.npmjs.org/react-dom/-/react-dom-18.3.1.tgz",
      "integrity": "sha512-5m4nQKp+rZRb09LNH59GM4BxTh9251/ylbKIbpe7TpGxfJ+9kv6BLkLBXIjjspbgbnIBNqlI23tRnTWT0snUIw==",
      "peer": true,
      "dependencies": {
        "loose-envify": "^1.1.0",
        "scheduler": "^0.23.2"
      },
      "peerDependencies": {
        "react": "^18.3.1"
      }
    },
    "node_modules/react-dom/node_modules/scheduler": {
      "version": "0.23.2",
      "resolved": "https://registry.npmjs.org/scheduler/-/scheduler-0.23.2.tgz",
      "integrity": "sha512-UOShsPwz7NrMUqhR6t0hWjFduvOzbtv7toDH1/hIrfRNIDBnnBWd0CwJTGvTpngVlmwGCdP9/Zl/tVrDqcuYzQ==",
      "peer": true,
      "dependencies": {
        "loose-envify": "^1.1.0"
      }
    },
    "node_modules/regenerator-runtime": {
      "version": "0.13.11",
      "license": "MIT"
    },
    "node_modules/tslib": {
      "version": "2.5.3",
      "license": "0BSD"
    }
  }
}
