{
  "name": "uniforms-bootstrap3",
  "version": "2.4.0",
  "lockfileVersion": 1,
  "requires": true,
  "dependencies": {
    "@types/classnames": {
      "version": "2.2.9",
      "resolved": "https://registry.npmjs.org/@types/classnames/-/classnames-2.2.9.tgz",
      "integrity": "sha512-MNl+rT5UmZeilaPxAVs6YaPC2m6aA8rofviZbhbxpPpl61uKodfdQVsBtgJGTqGizEf02oW3tsVe7FYB8kK14A==",
      "dev": true
    },
    "@types/warning": {
      "version": "3.0.0",
      "resolved": "https://registry.npmjs.org/@types/warning/-/warning-3.0.0.tgz",
      "integrity": "sha1-DSUBJorY+ZYrdA04fEZU9fjiPlI=",
      "dev": true
    },
    "uniforms": {
      "version": "2.4.0",
      "requires": {
        "@babel/runtime": "^7.0.0",
        "invariant": "^2.0.0",
        "lodash": "^4.0.0",
        "prop-types": "^15.5.7"
      }
    }
  }
}
